// !$*UTF8*$!
{
	archiveVersion = 1;
	classes = {
	};
	objectVersion = 54;
	objects = {

/* Begin PBXBuildFile section */
		0906FD6525A3B42D005B4992 /* ethgas_iosApp.swift in Sources */ = {isa = PBXBuildFile; fileRef = 0906FD6425A3B42D005B4992 /* ethgas_iosApp.swift */; };
		0906FD6725A3B42D005B4992 /* MainView.swift in Sources */ = {isa = PBXBuildFile; fileRef = 0906FD6625A3B42D005B4992 /* MainView.swift */; };
		0906FD6925A3B430005B4992 /* Assets.xcassets in Resources */ = {isa = PBXBuildFile; fileRef = 0906FD6825A3B430005B4992 /* Assets.xcassets */; };
		0906FD6C25A3B430005B4992 /* Preview Assets.xcassets in Resources */ = {isa = PBXBuildFile; fileRef = 0906FD6B25A3B430005B4992 /* Preview Assets.xcassets */; };
		0906FD7625A3B56F005B4992 /* FirebaseAuth in Frameworks */ = {isa = PBXBuildFile; productRef = 0906FD7525A3B56F005B4992 /* FirebaseAuth */; };
		0906FD7825A3B56F005B4992 /* FirebaseMessaging in Frameworks */ = {isa = PBXBuildFile; productRef = 0906FD7725A3B56F005B4992 /* FirebaseMessaging */; };
		0906FD7A25A3B56F005B4992 /* FirebaseDatabase in Frameworks */ = {isa = PBXBuildFile; productRef = 0906FD7925A3B56F005B4992 /* FirebaseDatabase */; };
		0906FD7D25A3B66F005B4992 /* AppDelegate.swift in Sources */ = {isa = PBXBuildFile; fileRef = 0906FD7C25A3B66F005B4992 /* AppDelegate.swift */; };
		0906FD8A25A44956005B4992 /* GoogleService-Info.plist in Resources */ = {isa = PBXBuildFile; fileRef = 0906FD8925A44955005B4992 /* GoogleService-Info.plist */; };
		090FB42B25CF2FD200D12456 /* ChartLineMarksView.swift in Sources */ = {isa = PBXBuildFile; fileRef = 090FB42A25CF2FD200D12456 /* ChartLineMarksView.swift */; };
		090FB43C25CF379900D12456 /* ChartsView.swift in Sources */ = {isa = PBXBuildFile; fileRef = 090FB43B25CF379900D12456 /* ChartsView.swift */; };
		090FB43E25D087AA00D12456 /* GraphEntry.swift in Sources */ = {isa = PBXBuildFile; fileRef = 090FB43D25D087AA00D12456 /* GraphEntry.swift */; };
		090FB44025D0887600D12456 /* Graphs.swift in Sources */ = {isa = PBXBuildFile; fileRef = 090FB43F25D0887600D12456 /* Graphs.swift */; };
		0933DC7926975FFC00559EB1 /* MainViewModel.swift in Sources */ = {isa = PBXBuildFile; fileRef = 0933DC7826975FFC00559EB1 /* MainViewModel.swift */; };
		0933DC7D2697627600559EB1 /* HotEntry.swift in Sources */ = {isa = PBXBuildFile; fileRef = 0933DC7C2697627600559EB1 /* HotEntry.swift */; };
		093A7E762815494D00593BE2 /* watchextensionApp.swift in Sources */ = {isa = PBXBuildFile; fileRef = 093A7E752815494D00593BE2 /* watchextensionApp.swift */; };
		0956321B2C7C976D00B41227 /* Double+ToString.swift in Sources */ = {isa = PBXBuildFile; fileRef = 0956321A2C7C976D00B41227 /* Double+ToString.swift */; };
		0956321C2C80580700B41227 /* Double+ToString.swift in Sources */ = {isa = PBXBuildFile; fileRef = 0956321A2C7C976D00B41227 /* Double+ToString.swift */; };
		0956321D2C80580800B41227 /* Double+ToString.swift in Sources */ = {isa = PBXBuildFile; fileRef = 0956321A2C7C976D00B41227 /* Double+ToString.swift */; };
		0956321E2C80580A00B41227 /* Double+ToString.swift in Sources */ = {isa = PBXBuildFile; fileRef = 0956321A2C7C976D00B41227 /* Double+ToString.swift */; };
		0961740426C6E2B800683EBE /* Resources.swift in Sources */ = {isa = PBXBuildFile; fileRef = 0961740326C6E2B800683EBE /* Resources.swift */; };
		0961740526C6E2B800683EBE /* Resources.swift in Sources */ = {isa = PBXBuildFile; fileRef = 0961740326C6E2B800683EBE /* Resources.swift */; };
		0961740826C6E2CF00683EBE /* Strings.swift in Sources */ = {isa = PBXBuildFile; fileRef = 0961740726C6E2CF00683EBE /* Strings.swift */; };
		0961740926C6E2CF00683EBE /* Strings.swift in Sources */ = {isa = PBXBuildFile; fileRef = 0961740726C6E2CF00683EBE /* Strings.swift */; };
		0961740D26C6E34600683EBE /* String+Localizable.swift in Sources */ = {isa = PBXBuildFile; fileRef = 0961740C26C6E34600683EBE /* String+Localizable.swift */; };
		0961740E26C6E34600683EBE /* String+Localizable.swift in Sources */ = {isa = PBXBuildFile; fileRef = 0961740C26C6E34600683EBE /* String+Localizable.swift */; };
		0961741126C6E89100683EBE /* EnvironmentKeys.swift in Sources */ = {isa = PBXBuildFile; fileRef = 09BD52F725B4476D00D751F2 /* EnvironmentKeys.swift */; };
		0961741526C6E8E700683EBE /* CardValueView.swift in Sources */ = {isa = PBXBuildFile; fileRef = 0961741426C6E8E700683EBE /* CardValueView.swift */; };
		0961741926C6E90700683EBE /* CardValueViewModel.swift in Sources */ = {isa = PBXBuildFile; fileRef = 0961741826C6E90700683EBE /* CardValueViewModel.swift */; };
		0961741C26C6F04900683EBE /* ItemAlertView.swift in Sources */ = {isa = PBXBuildFile; fileRef = 0961741B26C6F04900683EBE /* ItemAlertView.swift */; };
		0961741F26C6FCA900683EBE /* HotViewModel.swift in Sources */ = {isa = PBXBuildFile; fileRef = 0961741E26C6FCA900683EBE /* HotViewModel.swift */; };
		0961742326C82FC600683EBE /* Localizable.strings in Resources */ = {isa = PBXBuildFile; fileRef = 0961742626C82FC600683EBE /* Localizable.strings */; };
		0961742426C82FC600683EBE /* Localizable.strings in Resources */ = {isa = PBXBuildFile; fileRef = 0961742626C82FC600683EBE /* Localizable.strings */; };
		0966584427B739580073AB79 /* ethgas-watchos WatchKit Extension.appex in Embed App Extensions */ = {isa = PBXBuildFile; fileRef = 0966584327B739580073AB79 /* ethgas-watchos WatchKit Extension.appex */; settings = {ATTRIBUTES = (RemoveHeadersOnCopy, ); }; };
		0966584B27B739580073AB79 /* MainView.swift in Sources */ = {isa = PBXBuildFile; fileRef = 0966584A27B739580073AB79 /* MainView.swift */; };
		0966584D27B739580073AB79 /* NotificationController.swift in Sources */ = {isa = PBXBuildFile; fileRef = 0966584C27B739580073AB79 /* NotificationController.swift */; };
		0966584F27B739580073AB79 /* NotificationView.swift in Sources */ = {isa = PBXBuildFile; fileRef = 0966584E27B739580073AB79 /* NotificationView.swift */; };
		0966585127B739580073AB79 /* ComplicationController.swift in Sources */ = {isa = PBXBuildFile; fileRef = 0966585027B739580073AB79 /* ComplicationController.swift */; };
		0966585327B739590073AB79 /* Assets.xcassets in Resources */ = {isa = PBXBuildFile; fileRef = 0966585227B739590073AB79 /* Assets.xcassets */; };
		0966585627B739590073AB79 /* Preview Assets.xcassets in Resources */ = {isa = PBXBuildFile; fileRef = 0966585527B739590073AB79 /* Preview Assets.xcassets */; };
		0966585B27B739590073AB79 /* ETHWatch Alerts.app in Embed Watch Content */ = {isa = PBXBuildFile; fileRef = 0966583B27B739560073AB79 /* ETHWatch Alerts.app */; settings = {ATTRIBUTES = (RemoveHeadersOnCopy, ); }; };
		09847A8F286B99A50034E719 /* NetworkService.swift in Sources */ = {isa = PBXBuildFile; fileRef = 09847A8D286B99A50034E719 /* NetworkService.swift */; };
		09847A90286B99A50034E719 /* NetworkService.swift in Sources */ = {isa = PBXBuildFile; fileRef = 09847A8D286B99A50034E719 /* NetworkService.swift */; };
		09847AA328704C930034E719 /* MainMiniView.swift in Sources */ = {isa = PBXBuildFile; fileRef = 09847AA228704C930034E719 /* MainMiniView.swift */; };
		09847AA428704C930034E719 /* MainMiniView.swift in Sources */ = {isa = PBXBuildFile; fileRef = 09847AA228704C930034E719 /* MainMiniView.swift */; };
		09847AA528704C930034E719 /* MainMiniView.swift in Sources */ = {isa = PBXBuildFile; fileRef = 09847AA228704C930034E719 /* MainMiniView.swift */; };
		09847AA728704DAD0034E719 /* MainMiniViewTests.swift in Sources */ = {isa = PBXBuildFile; fileRef = 09847AA628704DAD0034E719 /* MainMiniViewTests.swift */; };
		09847AA928704FE80034E719 /* Bundle+version.swift in Sources */ = {isa = PBXBuildFile; fileRef = 09847AA828704FE80034E719 /* Bundle+version.swift */; };
		09847AAA28704FE80034E719 /* Bundle+version.swift in Sources */ = {isa = PBXBuildFile; fileRef = 09847AA828704FE80034E719 /* Bundle+version.swift */; };
		09847AAB28704FE80034E719 /* Bundle+version.swift in Sources */ = {isa = PBXBuildFile; fileRef = 09847AA828704FE80034E719 /* Bundle+version.swift */; };
		09847AAC2870535D0034E719 /* Bundle+version.swift in Sources */ = {isa = PBXBuildFile; fileRef = 09847AA828704FE80034E719 /* Bundle+version.swift */; };
		09852A152735A93B00490B8A /* FeesView.swift in Sources */ = {isa = PBXBuildFile; fileRef = 09852A142735A93B00490B8A /* FeesView.swift */; };
		09852A182735B78000490B8A /* ItemFeeView.swift in Sources */ = {isa = PBXBuildFile; fileRef = 09852A172735B78000490B8A /* ItemFeeView.swift */; };
		09852A1B2735BF2900490B8A /* CardValueSmallView.swift in Sources */ = {isa = PBXBuildFile; fileRef = 09852A1A2735BF2900490B8A /* CardValueSmallView.swift */; };
		09B0C21C260A3D2E00C73CB6 /* HotView.swift in Sources */ = {isa = PBXBuildFile; fileRef = 09B0C21B260A3D2E00C73CB6 /* HotView.swift */; };
		09BD52E925B393FE00D751F2 /* AlertsView.swift in Sources */ = {isa = PBXBuildFile; fileRef = 09BD52E825B393FD00D751F2 /* AlertsView.swift */; };
		09BD52ED25B39B9F00D751F2 /* AlertGas.swift in Sources */ = {isa = PBXBuildFile; fileRef = 09BD52EC25B39B9F00D751F2 /* AlertGas.swift */; };
		09BD52F125B4435100D751F2 /* SignInWithAppleButton.swift in Sources */ = {isa = PBXBuildFile; fileRef = 09BD52F025B4435100D751F2 /* SignInWithAppleButton.swift */; };
		09BD52F425B4447200D751F2 /* AuthenticationService.swift in Sources */ = {isa = PBXBuildFile; fileRef = 09BD52F325B4447200D751F2 /* AuthenticationService.swift */; };
		09BD52F825B4476D00D751F2 /* EnvironmentKeys.swift in Sources */ = {isa = PBXBuildFile; fileRef = 09BD52F725B4476D00D751F2 /* EnvironmentKeys.swift */; };
		09BD52FB25B4555F00D751F2 /* FirebaseService.swift in Sources */ = {isa = PBXBuildFile; fileRef = 09BD52FA25B4555F00D751F2 /* FirebaseService.swift */; };
		09BD52FE25B4571D00D751F2 /* CurrentData.swift in Sources */ = {isa = PBXBuildFile; fileRef = 09BD52FD25B4571D00D751F2 /* CurrentData.swift */; };
		09BD530125B467B800D751F2 /* DeviceToken.swift in Sources */ = {isa = PBXBuildFile; fileRef = 09BD530025B467B800D751F2 /* DeviceToken.swift */; };
		09D14845284B641D009A6800 /* FeesViewTests.swift in Sources */ = {isa = PBXBuildFile; fileRef = 09D14844284B641D009A6800 /* FeesViewTests.swift */; };
		09D14846284B645F009A6800 /* FeesView.swift in Sources */ = {isa = PBXBuildFile; fileRef = 09852A142735A93B00490B8A /* FeesView.swift */; };
		09D14847284B6508009A6800 /* CardValueSmallView.swift in Sources */ = {isa = PBXBuildFile; fileRef = 09852A1A2735BF2900490B8A /* CardValueSmallView.swift */; };
		09D14848284B6519009A6800 /* ItemFeeView.swift in Sources */ = {isa = PBXBuildFile; fileRef = 09852A172735B78000490B8A /* ItemFeeView.swift */; };
		09D1484A284B6711009A6800 /* ItemFee.swift in Sources */ = {isa = PBXBuildFile; fileRef = 09D14849284B6711009A6800 /* ItemFee.swift */; };
		09D1484B284B6711009A6800 /* ItemFee.swift in Sources */ = {isa = PBXBuildFile; fileRef = 09D14849284B6711009A6800 /* ItemFee.swift */; };
		09D1484C284B6A8E009A6800 /* SignInWithAppleButton.swift in Sources */ = {isa = PBXBuildFile; fileRef = 09BD52F025B4435100D751F2 /* SignInWithAppleButton.swift */; };
		09D1484E284B7C76009A6800 /* AlertsViewModelProtocol.swift in Sources */ = {isa = PBXBuildFile; fileRef = 09D1484D284B7C76009A6800 /* AlertsViewModelProtocol.swift */; };
		09D1484F284B7C76009A6800 /* AlertsViewModelProtocol.swift in Sources */ = {isa = PBXBuildFile; fileRef = 09D1484D284B7C76009A6800 /* AlertsViewModelProtocol.swift */; };
		09D14851284B7D15009A6800 /* AlertsViewModel.swift in Sources */ = {isa = PBXBuildFile; fileRef = 09D14850284B7D15009A6800 /* AlertsViewModel.swift */; };
		09D14853284B7F6C009A6800 /* MockAlertsView.swift in Sources */ = {isa = PBXBuildFile; fileRef = 09D14852284B7F6C009A6800 /* MockAlertsView.swift */; };
		09D14854284B7F6C009A6800 /* MockAlertsView.swift in Sources */ = {isa = PBXBuildFile; fileRef = 09D14852284B7F6C009A6800 /* MockAlertsView.swift */; };
		09D14855284B82A1009A6800 /* AlertsView.swift in Sources */ = {isa = PBXBuildFile; fileRef = 09BD52E825B393FD00D751F2 /* AlertsView.swift */; };
		09D14857284B8D93009A6800 /* View+toVC.swift in Sources */ = {isa = PBXBuildFile; fileRef = 09D14856284B8D93009A6800 /* View+toVC.swift */; };
		09D14859284BC705009A6800 /* MainViewModelProtocol.swift in Sources */ = {isa = PBXBuildFile; fileRef = 09D14858284BC705009A6800 /* MainViewModelProtocol.swift */; };
		09D1485A284BC705009A6800 /* MainViewModelProtocol.swift in Sources */ = {isa = PBXBuildFile; fileRef = 09D14858284BC705009A6800 /* MainViewModelProtocol.swift */; };
		09D1485C284BC857009A6800 /* MockMainViewModel.swift in Sources */ = {isa = PBXBuildFile; fileRef = 09D1485B284BC857009A6800 /* MockMainViewModel.swift */; };
		09D1485D284BC857009A6800 /* MockMainViewModel.swift in Sources */ = {isa = PBXBuildFile; fileRef = 09D1485B284BC857009A6800 /* MockMainViewModel.swift */; };
		09D1485F284BC9B5009A6800 /* MainViewTests.swift in Sources */ = {isa = PBXBuildFile; fileRef = 09D1485E284BC9B5009A6800 /* MainViewTests.swift */; };
		09D14860284BC9FF009A6800 /* MainView.swift in Sources */ = {isa = PBXBuildFile; fileRef = 0906FD6625A3B42D005B4992 /* MainView.swift */; };
		09D14861284C79FD009A6800 /* ChartsView.swift in Sources */ = {isa = PBXBuildFile; fileRef = 090FB43B25CF379900D12456 /* ChartsView.swift */; };
		09D14862284C7B2F009A6800 /* ChartLineMarksView.swift in Sources */ = {isa = PBXBuildFile; fileRef = 090FB42A25CF2FD200D12456 /* ChartLineMarksView.swift */; };
		09D14864284C7C5B009A6800 /* ChartsViewModel.swift in Sources */ = {isa = PBXBuildFile; fileRef = 09D14863284C7C5B009A6800 /* ChartsViewModel.swift */; };
		09D14866284C7CFC009A6800 /* ChartsViewModelProtocol.swift in Sources */ = {isa = PBXBuildFile; fileRef = 09D14865284C7CFC009A6800 /* ChartsViewModelProtocol.swift */; };
		09D14867284C7CFC009A6800 /* ChartsViewModelProtocol.swift in Sources */ = {isa = PBXBuildFile; fileRef = 09D14865284C7CFC009A6800 /* ChartsViewModelProtocol.swift */; };
		09D14869284C7E3B009A6800 /* MockChartsViewModel.swift in Sources */ = {isa = PBXBuildFile; fileRef = 09D14868284C7E3B009A6800 /* MockChartsViewModel.swift */; };
		09D1486A284C7E3B009A6800 /* MockChartsViewModel.swift in Sources */ = {isa = PBXBuildFile; fileRef = 09D14868284C7E3B009A6800 /* MockChartsViewModel.swift */; };
		09D1486C284C808E009A6800 /* ChartsViewTests.swift in Sources */ = {isa = PBXBuildFile; fileRef = 09D1486B284C808E009A6800 /* ChartsViewTests.swift */; };
		09D14870284D07A7009A6800 /* MockDateProvider.swift in Sources */ = {isa = PBXBuildFile; fileRef = 09D1486F284D07A7009A6800 /* MockDateProvider.swift */; };
		09D14871284D07A7009A6800 /* MockDateProvider.swift in Sources */ = {isa = PBXBuildFile; fileRef = 09D1486F284D07A7009A6800 /* MockDateProvider.swift */; };
		09D14873284D0D75009A6800 /* DateProviderService.swift in Sources */ = {isa = PBXBuildFile; fileRef = 09D14872284D0D75009A6800 /* DateProviderService.swift */; };
		09D14876284D0E2C009A6800 /* DateProvider.swift in Sources */ = {isa = PBXBuildFile; fileRef = 09D14875284D0E2C009A6800 /* DateProvider.swift */; };
		09D14878284D0EB7009A6800 /* DateProviderService.swift in Sources */ = {isa = PBXBuildFile; fileRef = 09D14872284D0D75009A6800 /* DateProviderService.swift */; };
		09D2594126184FA000815117 /* WidgetKit.framework in Frameworks */ = {isa = PBXBuildFile; fileRef = 09D2594026184FA000815117 /* WidgetKit.framework */; };
		09D2594326184FA000815117 /* SwiftUI.framework in Frameworks */ = {isa = PBXBuildFile; fileRef = 09D2594226184FA000815117 /* SwiftUI.framework */; };
		09D2594626184FA000815117 /* appwidget.swift in Sources */ = {isa = PBXBuildFile; fileRef = 09D2594526184FA000815117 /* appwidget.swift */; };
		09D2594826184FA100815117 /* Assets.xcassets in Resources */ = {isa = PBXBuildFile; fileRef = 09D2594726184FA100815117 /* Assets.xcassets */; };
		09D2594C26184FA100815117 /* appwidgetExtension.appex in Embed App Extensions */ = {isa = PBXBuildFile; fileRef = 09D2593E26184FA000815117 /* appwidgetExtension.appex */; settings = {ATTRIBUTES = (RemoveHeadersOnCopy, ); }; };
		09D2596026186F7900815117 /* CurrentData.swift in Sources */ = {isa = PBXBuildFile; fileRef = 09BD52FD25B4571D00D751F2 /* CurrentData.swift */; };
		09DCD8B02819CE64004D51EF /* Resources.swift in Sources */ = {isa = PBXBuildFile; fileRef = 0961740326C6E2B800683EBE /* Resources.swift */; };
		09DCD8B12819CE67004D51EF /* Strings.swift in Sources */ = {isa = PBXBuildFile; fileRef = 0961740726C6E2CF00683EBE /* Strings.swift */; };
		09DCD8B22819CE94004D51EF /* String+Localizable.swift in Sources */ = {isa = PBXBuildFile; fileRef = 0961740C26C6E34600683EBE /* String+Localizable.swift */; };
		09DCD8B32819CF09004D51EF /* Localizable.strings in Resources */ = {isa = PBXBuildFile; fileRef = 0961742626C82FC600683EBE /* Localizable.strings */; };
		09DCD8B52819D03E004D51EF /* CurrentData.swift in Sources */ = {isa = PBXBuildFile; fileRef = 09BD52FD25B4571D00D751F2 /* CurrentData.swift */; };
		09DCD8B92819D21A004D51EF /* Graphs.swift in Sources */ = {isa = PBXBuildFile; fileRef = 090FB43F25D0887600D12456 /* Graphs.swift */; };
		09DCD8BA2819D21A004D51EF /* AlertGas.swift in Sources */ = {isa = PBXBuildFile; fileRef = 09BD52EC25B39B9F00D751F2 /* AlertGas.swift */; };
		09DCD8BB2819D225004D51EF /* GraphEntry.swift in Sources */ = {isa = PBXBuildFile; fileRef = 090FB43D25D087AA00D12456 /* GraphEntry.swift */; };
		09DCD8C6281A7781004D51EF /* MainWatchViewModel.swift in Sources */ = {isa = PBXBuildFile; fileRef = 09DCD8C5281A7781004D51EF /* MainWatchViewModel.swift */; };
		09DCD8CA281A8A4D004D51EF /* Assets.xcassets in Resources */ = {isa = PBXBuildFile; fileRef = 0906FD6825A3B430005B4992 /* Assets.xcassets */; };
		09DCD8CB281A8A4E004D51EF /* Assets.xcassets in Resources */ = {isa = PBXBuildFile; fileRef = 0906FD6825A3B430005B4992 /* Assets.xcassets */; };
		09DCD8D3282EC32B004D51EF /* ethgas_iosTests.swift in Sources */ = {isa = PBXBuildFile; fileRef = 09DCD8D2282EC32B004D51EF /* ethgas_iosTests.swift */; };
		09DCD8DB282EC461004D51EF /* SnapshotTesting in Frameworks */ = {isa = PBXBuildFile; productRef = 09DCD8DA282EC461004D51EF /* SnapshotTesting */; };
		09DCD8DC282EC52A004D51EF /* ItemAlertView.swift in Sources */ = {isa = PBXBuildFile; fileRef = 0961741B26C6F04900683EBE /* ItemAlertView.swift */; };
		09DCD8DD282EC53D004D51EF /* AlertGas.swift in Sources */ = {isa = PBXBuildFile; fileRef = 09BD52EC25B39B9F00D751F2 /* AlertGas.swift */; };
		09DCD8DE282EC5B2004D51EF /* Resources.swift in Sources */ = {isa = PBXBuildFile; fileRef = 0961740326C6E2B800683EBE /* Resources.swift */; };
		09DCD8DF282EC5BE004D51EF /* Strings.swift in Sources */ = {isa = PBXBuildFile; fileRef = 0961740726C6E2CF00683EBE /* Strings.swift */; };
		09DCD8E0282EC5DC004D51EF /* String+Localizable.swift in Sources */ = {isa = PBXBuildFile; fileRef = 0961740C26C6E34600683EBE /* String+Localizable.swift */; };
		09DCD8E3282ECF04004D51EF /* CurrentData.swift in Sources */ = {isa = PBXBuildFile; fileRef = 09BD52FD25B4571D00D751F2 /* CurrentData.swift */; };
		09DCD8E4282ED0CD004D51EF /* CardValueView.swift in Sources */ = {isa = PBXBuildFile; fileRef = 0961741426C6E8E700683EBE /* CardValueView.swift */; };
		09DCD8E5282ED0D3004D51EF /* CardValueViewModel.swift in Sources */ = {isa = PBXBuildFile; fileRef = 0961741826C6E90700683EBE /* CardValueViewModel.swift */; };
		09DCD8E6282ED387004D51EF /* FrequencySelectionView.swift in Sources */ = {isa = PBXBuildFile; fileRef = 09F69E6B272D2356000996A2 /* FrequencySelectionView.swift */; };
		09DCD8E9282EDEEE004D51EF /* HotViewModelProtocol.swift in Sources */ = {isa = PBXBuildFile; fileRef = 09DCD8E8282EDEEE004D51EF /* HotViewModelProtocol.swift */; };
		09DCD8EA282EDEEE004D51EF /* HotViewModelProtocol.swift in Sources */ = {isa = PBXBuildFile; fileRef = 09DCD8E8282EDEEE004D51EF /* HotViewModelProtocol.swift */; };
		09DCD8EB282EDFFF004D51EF /* HotEntry.swift in Sources */ = {isa = PBXBuildFile; fileRef = 0933DC7C2697627600559EB1 /* HotEntry.swift */; };
		09DCD8EC282EE004004D51EF /* HotView.swift in Sources */ = {isa = PBXBuildFile; fileRef = 09B0C21B260A3D2E00C73CB6 /* HotView.swift */; };
		09DCD8EF282EE1EA004D51EF /* MockHotView.swift in Sources */ = {isa = PBXBuildFile; fileRef = 09DCD8EE282EE1EA004D51EF /* MockHotView.swift */; };
		09DCD8F0282EE1EA004D51EF /* MockHotView.swift in Sources */ = {isa = PBXBuildFile; fileRef = 09DCD8EE282EE1EA004D51EF /* MockHotView.swift */; };
		09DCD8F2282EE32E004D51EF /* MainActionSheet.swift in Sources */ = {isa = PBXBuildFile; fileRef = 09DCD8F1282EE32E004D51EF /* MainActionSheet.swift */; };
		09DCD8F3282EE32E004D51EF /* MainActionSheet.swift in Sources */ = {isa = PBXBuildFile; fileRef = 09DCD8F1282EE32E004D51EF /* MainActionSheet.swift */; };
		09DCD8F4282EE36F004D51EF /* GraphEntry.swift in Sources */ = {isa = PBXBuildFile; fileRef = 090FB43D25D087AA00D12456 /* GraphEntry.swift */; };
		09DCD8F6282EF64E004D51EF /* HotViewTests.swift in Sources */ = {isa = PBXBuildFile; fileRef = 09DCD8F5282EF64E004D51EF /* HotViewTests.swift */; };
		09DCD8F8282EFA5C004D51EF /* AlertsViewTests.swift in Sources */ = {isa = PBXBuildFile; fileRef = 09DCD8F7282EFA5C004D51EF /* AlertsViewTests.swift */; };
		09DCD8FA282EFC2F004D51EF /* FrequencySelectionViewTests.swift in Sources */ = {isa = PBXBuildFile; fileRef = 09DCD8F9282EFC2F004D51EF /* FrequencySelectionViewTests.swift */; };
		09DCD8FD282EFC8E004D51EF /* TestUtils.swift in Sources */ = {isa = PBXBuildFile; fileRef = 09DCD8FC282EFC8E004D51EF /* TestUtils.swift */; };
		09EE272D2C903DFE00C4B37C /* Charts.framework in Frameworks */ = {isa = PBXBuildFile; fileRef = 09EE272C2C903DFE00C4B37C /* Charts.framework */; };
		09F69E6C272D2356000996A2 /* FrequencySelectionView.swift in Sources */ = {isa = PBXBuildFile; fileRef = 09F69E6B272D2356000996A2 /* FrequencySelectionView.swift */; };
/* End PBXBuildFile section */

/* Begin PBXContainerItemProxy section */
		0966584527B739580073AB79 /* PBXContainerItemProxy */ = {
			isa = PBXContainerItemProxy;
			containerPortal = 0906FD5925A3B42D005B4992 /* Project object */;
			proxyType = 1;
			remoteGlobalIDString = 0966584227B739580073AB79;
			remoteInfo = "ethgas-watchos WatchKit Extension";
		};
		0966585927B739590073AB79 /* PBXContainerItemProxy */ = {
			isa = PBXContainerItemProxy;
			containerPortal = 0906FD5925A3B42D005B4992 /* Project object */;
			proxyType = 1;
			remoteGlobalIDString = 0966583A27B739560073AB79;
			remoteInfo = "ethgas-watchos";
		};
		09D2594A26184FA100815117 /* PBXContainerItemProxy */ = {
			isa = PBXContainerItemProxy;
			containerPortal = 0906FD5925A3B42D005B4992 /* Project object */;
			proxyType = 1;
			remoteGlobalIDString = 09D2593D26184FA000815117;
			remoteInfo = appwidgetExtension;
		};
		09DCD8D4282EC32B004D51EF /* PBXContainerItemProxy */ = {
			isa = PBXContainerItemProxy;
			containerPortal = 0906FD5925A3B42D005B4992 /* Project object */;
			proxyType = 1;
			remoteGlobalIDString = 0906FD6025A3B42D005B4992;
			remoteInfo = "ethgas-ios";
		};
/* End PBXContainerItemProxy section */

/* Begin PBXCopyFilesBuildPhase section */
		090FB43425CF304900D12456 /* Embed Frameworks */ = {
			isa = PBXCopyFilesBuildPhase;
			buildActionMask = 2147483647;
			dstPath = "";
			dstSubfolderSpec = 10;
			files = (
			);
			name = "Embed Frameworks";
			runOnlyForDeploymentPostprocessing = 0;
		};
		0966585F27B739590073AB79 /* Embed App Extensions */ = {
			isa = PBXCopyFilesBuildPhase;
			buildActionMask = 2147483647;
			dstPath = "";
			dstSubfolderSpec = 13;
			files = (
				0966584427B739580073AB79 /* ethgas-watchos WatchKit Extension.appex in Embed App Extensions */,
			);
			name = "Embed App Extensions";
			runOnlyForDeploymentPostprocessing = 0;
		};
		0966586327B739590073AB79 /* Embed Watch Content */ = {
			isa = PBXCopyFilesBuildPhase;
			buildActionMask = 2147483647;
			dstPath = "$(CONTENTS_FOLDER_PATH)/Watch";
			dstSubfolderSpec = 16;
			files = (
				0966585B27B739590073AB79 /* ETHWatch Alerts.app in Embed Watch Content */,
			);
			name = "Embed Watch Content";
			runOnlyForDeploymentPostprocessing = 0;
		};
		09D2594D26184FA100815117 /* Embed App Extensions */ = {
			isa = PBXCopyFilesBuildPhase;
			buildActionMask = 2147483647;
			dstPath = "";
			dstSubfolderSpec = 13;
			files = (
				09D2594C26184FA100815117 /* appwidgetExtension.appex in Embed App Extensions */,
			);
			name = "Embed App Extensions";
			runOnlyForDeploymentPostprocessing = 0;
		};
/* End PBXCopyFilesBuildPhase section */

/* Begin PBXFileReference section */
		0906FD6125A3B42D005B4992 /* ethgas-ios.app */ = {isa = PBXFileReference; explicitFileType = wrapper.application; includeInIndex = 0; path = "ethgas-ios.app"; sourceTree = BUILT_PRODUCTS_DIR; };
		0906FD6425A3B42D005B4992 /* ethgas_iosApp.swift */ = {isa = PBXFileReference; lastKnownFileType = sourcecode.swift; path = ethgas_iosApp.swift; sourceTree = "<group>"; };
		0906FD6625A3B42D005B4992 /* MainView.swift */ = {isa = PBXFileReference; lastKnownFileType = sourcecode.swift; path = MainView.swift; sourceTree = "<group>"; };
		0906FD6825A3B430005B4992 /* Assets.xcassets */ = {isa = PBXFileReference; lastKnownFileType = folder.assetcatalog; path = Assets.xcassets; sourceTree = "<group>"; };
		0906FD6B25A3B430005B4992 /* Preview Assets.xcassets */ = {isa = PBXFileReference; lastKnownFileType = folder.assetcatalog; path = "Preview Assets.xcassets"; sourceTree = "<group>"; };
		0906FD6D25A3B430005B4992 /* Info.plist */ = {isa = PBXFileReference; lastKnownFileType = text.plist.xml; path = Info.plist; sourceTree = "<group>"; };
		0906FD7C25A3B66F005B4992 /* AppDelegate.swift */ = {isa = PBXFileReference; lastKnownFileType = sourcecode.swift; path = AppDelegate.swift; sourceTree = "<group>"; };
		0906FD8925A44955005B4992 /* GoogleService-Info.plist */ = {isa = PBXFileReference; fileEncoding = 4; lastKnownFileType = text.plist.xml; path = "GoogleService-Info.plist"; sourceTree = "<group>"; };
		0906FD8E25A4670E005B4992 /* ethgas-ios.entitlements */ = {isa = PBXFileReference; lastKnownFileType = text.plist.entitlements; path = "ethgas-ios.entitlements"; sourceTree = "<group>"; };
		090FB42A25CF2FD200D12456 /* ChartLineMarksView.swift */ = {isa = PBXFileReference; lastKnownFileType = sourcecode.swift; path = ChartLineMarksView.swift; sourceTree = "<group>"; };
		090FB43B25CF379900D12456 /* ChartsView.swift */ = {isa = PBXFileReference; lastKnownFileType = sourcecode.swift; path = ChartsView.swift; sourceTree = "<group>"; };
		090FB43D25D087AA00D12456 /* GraphEntry.swift */ = {isa = PBXFileReference; lastKnownFileType = sourcecode.swift; path = GraphEntry.swift; sourceTree = "<group>"; };
		090FB43F25D0887600D12456 /* Graphs.swift */ = {isa = PBXFileReference; lastKnownFileType = sourcecode.swift; path = Graphs.swift; sourceTree = "<group>"; };
		0933DC7826975FFC00559EB1 /* MainViewModel.swift */ = {isa = PBXFileReference; lastKnownFileType = sourcecode.swift; path = MainViewModel.swift; sourceTree = "<group>"; };
		0933DC7C2697627600559EB1 /* HotEntry.swift */ = {isa = PBXFileReference; lastKnownFileType = sourcecode.swift; path = HotEntry.swift; sourceTree = "<group>"; };
		093A7E752815494D00593BE2 /* watchextensionApp.swift */ = {isa = PBXFileReference; lastKnownFileType = sourcecode.swift; path = watchextensionApp.swift; sourceTree = "<group>"; };
		0956321A2C7C976D00B41227 /* Double+ToString.swift */ = {isa = PBXFileReference; lastKnownFileType = sourcecode.swift; path = "Double+ToString.swift"; sourceTree = "<group>"; };
		0961740326C6E2B800683EBE /* Resources.swift */ = {isa = PBXFileReference; lastKnownFileType = sourcecode.swift; path = Resources.swift; sourceTree = "<group>"; };
		0961740726C6E2CF00683EBE /* Strings.swift */ = {isa = PBXFileReference; lastKnownFileType = sourcecode.swift; path = Strings.swift; sourceTree = "<group>"; };
		0961740C26C6E34600683EBE /* String+Localizable.swift */ = {isa = PBXFileReference; lastKnownFileType = sourcecode.swift; path = "String+Localizable.swift"; sourceTree = "<group>"; };
		0961741426C6E8E700683EBE /* CardValueView.swift */ = {isa = PBXFileReference; lastKnownFileType = sourcecode.swift; path = CardValueView.swift; sourceTree = "<group>"; };
		0961741826C6E90700683EBE /* CardValueViewModel.swift */ = {isa = PBXFileReference; lastKnownFileType = sourcecode.swift; path = CardValueViewModel.swift; sourceTree = "<group>"; };
		0961741B26C6F04900683EBE /* ItemAlertView.swift */ = {isa = PBXFileReference; lastKnownFileType = sourcecode.swift; path = ItemAlertView.swift; sourceTree = "<group>"; };
		0961741E26C6FCA900683EBE /* HotViewModel.swift */ = {isa = PBXFileReference; lastKnownFileType = sourcecode.swift; path = HotViewModel.swift; sourceTree = "<group>"; };
		0961742526C82FC600683EBE /* en */ = {isa = PBXFileReference; lastKnownFileType = text.plist.strings; name = en; path = en.lproj/Localizable.strings; sourceTree = "<group>"; };
		0961742826C82FCC00683EBE /* zh-Hans */ = {isa = PBXFileReference; lastKnownFileType = text.plist.strings; name = "zh-Hans"; path = "zh-Hans.lproj/Localizable.strings"; sourceTree = "<group>"; };
		0966583B27B739560073AB79 /* ETHWatch Alerts.app */ = {isa = PBXFileReference; explicitFileType = wrapper.application; includeInIndex = 0; path = "ETHWatch Alerts.app"; sourceTree = BUILT_PRODUCTS_DIR; };
		0966583D27B739580073AB79 /* Assets.xcassets */ = {isa = PBXFileReference; lastKnownFileType = folder.assetcatalog; path = Assets.xcassets; sourceTree = "<group>"; };
		0966584327B739580073AB79 /* ethgas-watchos WatchKit Extension.appex */ = {isa = PBXFileReference; explicitFileType = "wrapper.app-extension"; includeInIndex = 0; path = "ethgas-watchos WatchKit Extension.appex"; sourceTree = BUILT_PRODUCTS_DIR; };
		0966584A27B739580073AB79 /* MainView.swift */ = {isa = PBXFileReference; lastKnownFileType = sourcecode.swift; path = MainView.swift; sourceTree = "<group>"; };
		0966584C27B739580073AB79 /* NotificationController.swift */ = {isa = PBXFileReference; lastKnownFileType = sourcecode.swift; path = NotificationController.swift; sourceTree = "<group>"; };
		0966584E27B739580073AB79 /* NotificationView.swift */ = {isa = PBXFileReference; lastKnownFileType = sourcecode.swift; path = NotificationView.swift; sourceTree = "<group>"; };
		0966585027B739580073AB79 /* ComplicationController.swift */ = {isa = PBXFileReference; lastKnownFileType = sourcecode.swift; path = ComplicationController.swift; sourceTree = "<group>"; };
		0966585227B739590073AB79 /* Assets.xcassets */ = {isa = PBXFileReference; lastKnownFileType = folder.assetcatalog; path = Assets.xcassets; sourceTree = "<group>"; };
		0966585527B739590073AB79 /* Preview Assets.xcassets */ = {isa = PBXFileReference; lastKnownFileType = folder.assetcatalog; path = "Preview Assets.xcassets"; sourceTree = "<group>"; };
		0966585727B739590073AB79 /* Info.plist */ = {isa = PBXFileReference; lastKnownFileType = text.plist.xml; path = Info.plist; sourceTree = "<group>"; };
		0966585827B739590073AB79 /* PushNotificationPayload.apns */ = {isa = PBXFileReference; lastKnownFileType = text; path = PushNotificationPayload.apns; sourceTree = "<group>"; };
		09847A8D286B99A50034E719 /* NetworkService.swift */ = {isa = PBXFileReference; lastKnownFileType = sourcecode.swift; path = NetworkService.swift; sourceTree = "<group>"; };
		09847AA228704C930034E719 /* MainMiniView.swift */ = {isa = PBXFileReference; lastKnownFileType = sourcecode.swift; path = MainMiniView.swift; sourceTree = "<group>"; };
		09847AA628704DAD0034E719 /* MainMiniViewTests.swift */ = {isa = PBXFileReference; lastKnownFileType = sourcecode.swift; path = MainMiniViewTests.swift; sourceTree = "<group>"; };
		09847AA828704FE80034E719 /* Bundle+version.swift */ = {isa = PBXFileReference; lastKnownFileType = sourcecode.swift; path = "Bundle+version.swift"; sourceTree = "<group>"; };
		09852A142735A93B00490B8A /* FeesView.swift */ = {isa = PBXFileReference; lastKnownFileType = sourcecode.swift; path = FeesView.swift; sourceTree = "<group>"; };
		09852A172735B78000490B8A /* ItemFeeView.swift */ = {isa = PBXFileReference; lastKnownFileType = sourcecode.swift; path = ItemFeeView.swift; sourceTree = "<group>"; };
		09852A1A2735BF2900490B8A /* CardValueSmallView.swift */ = {isa = PBXFileReference; lastKnownFileType = sourcecode.swift; path = CardValueSmallView.swift; sourceTree = "<group>"; };
		09B0C21B260A3D2E00C73CB6 /* HotView.swift */ = {isa = PBXFileReference; lastKnownFileType = sourcecode.swift; path = HotView.swift; sourceTree = "<group>"; };
		09BD52E825B393FD00D751F2 /* AlertsView.swift */ = {isa = PBXFileReference; lastKnownFileType = sourcecode.swift; path = AlertsView.swift; sourceTree = "<group>"; };
		09BD52EC25B39B9F00D751F2 /* AlertGas.swift */ = {isa = PBXFileReference; lastKnownFileType = sourcecode.swift; path = AlertGas.swift; sourceTree = "<group>"; };
		09BD52F025B4435100D751F2 /* SignInWithAppleButton.swift */ = {isa = PBXFileReference; lastKnownFileType = sourcecode.swift; path = SignInWithAppleButton.swift; sourceTree = "<group>"; };
		09BD52F325B4447200D751F2 /* AuthenticationService.swift */ = {isa = PBXFileReference; lastKnownFileType = sourcecode.swift; path = AuthenticationService.swift; sourceTree = "<group>"; };
		09BD52F725B4476D00D751F2 /* EnvironmentKeys.swift */ = {isa = PBXFileReference; lastKnownFileType = sourcecode.swift; path = EnvironmentKeys.swift; sourceTree = "<group>"; };
		09BD52FA25B4555F00D751F2 /* FirebaseService.swift */ = {isa = PBXFileReference; lastKnownFileType = sourcecode.swift; path = FirebaseService.swift; sourceTree = "<group>"; };
		09BD52FD25B4571D00D751F2 /* CurrentData.swift */ = {isa = PBXFileReference; lastKnownFileType = sourcecode.swift; path = CurrentData.swift; sourceTree = "<group>"; };
		09BD530025B467B800D751F2 /* DeviceToken.swift */ = {isa = PBXFileReference; lastKnownFileType = sourcecode.swift; path = DeviceToken.swift; sourceTree = "<group>"; };
		09D14844284B641D009A6800 /* FeesViewTests.swift */ = {isa = PBXFileReference; lastKnownFileType = sourcecode.swift; path = FeesViewTests.swift; sourceTree = "<group>"; };
		09D14849284B6711009A6800 /* ItemFee.swift */ = {isa = PBXFileReference; lastKnownFileType = sourcecode.swift; path = ItemFee.swift; sourceTree = "<group>"; };
		09D1484D284B7C76009A6800 /* AlertsViewModelProtocol.swift */ = {isa = PBXFileReference; lastKnownFileType = sourcecode.swift; path = AlertsViewModelProtocol.swift; sourceTree = "<group>"; };
		09D14850284B7D15009A6800 /* AlertsViewModel.swift */ = {isa = PBXFileReference; lastKnownFileType = sourcecode.swift; path = AlertsViewModel.swift; sourceTree = "<group>"; };
		09D14852284B7F6C009A6800 /* MockAlertsView.swift */ = {isa = PBXFileReference; lastKnownFileType = sourcecode.swift; path = MockAlertsView.swift; sourceTree = "<group>"; };
		09D14856284B8D93009A6800 /* View+toVC.swift */ = {isa = PBXFileReference; lastKnownFileType = sourcecode.swift; path = "View+toVC.swift"; sourceTree = "<group>"; };
		09D14858284BC705009A6800 /* MainViewModelProtocol.swift */ = {isa = PBXFileReference; lastKnownFileType = sourcecode.swift; path = MainViewModelProtocol.swift; sourceTree = "<group>"; };
		09D1485B284BC857009A6800 /* MockMainViewModel.swift */ = {isa = PBXFileReference; lastKnownFileType = sourcecode.swift; path = MockMainViewModel.swift; sourceTree = "<group>"; };
		09D1485E284BC9B5009A6800 /* MainViewTests.swift */ = {isa = PBXFileReference; lastKnownFileType = sourcecode.swift; path = MainViewTests.swift; sourceTree = "<group>"; };
		09D14863284C7C5B009A6800 /* ChartsViewModel.swift */ = {isa = PBXFileReference; lastKnownFileType = sourcecode.swift; path = ChartsViewModel.swift; sourceTree = "<group>"; };
		09D14865284C7CFC009A6800 /* ChartsViewModelProtocol.swift */ = {isa = PBXFileReference; lastKnownFileType = sourcecode.swift; path = ChartsViewModelProtocol.swift; sourceTree = "<group>"; };
		09D14868284C7E3B009A6800 /* MockChartsViewModel.swift */ = {isa = PBXFileReference; lastKnownFileType = sourcecode.swift; path = MockChartsViewModel.swift; sourceTree = "<group>"; };
		09D1486B284C808E009A6800 /* ChartsViewTests.swift */ = {isa = PBXFileReference; lastKnownFileType = sourcecode.swift; path = ChartsViewTests.swift; sourceTree = "<group>"; };
		09D1486F284D07A7009A6800 /* MockDateProvider.swift */ = {isa = PBXFileReference; lastKnownFileType = sourcecode.swift; path = MockDateProvider.swift; sourceTree = "<group>"; };
		09D14872284D0D75009A6800 /* DateProviderService.swift */ = {isa = PBXFileReference; lastKnownFileType = sourcecode.swift; path = DateProviderService.swift; sourceTree = "<group>"; };
		09D14875284D0E2C009A6800 /* DateProvider.swift */ = {isa = PBXFileReference; lastKnownFileType = sourcecode.swift; path = DateProvider.swift; sourceTree = "<group>"; };
		09D2593E26184FA000815117 /* appwidgetExtension.appex */ = {isa = PBXFileReference; explicitFileType = "wrapper.app-extension"; includeInIndex = 0; path = appwidgetExtension.appex; sourceTree = BUILT_PRODUCTS_DIR; };
		09D2594026184FA000815117 /* WidgetKit.framework */ = {isa = PBXFileReference; lastKnownFileType = wrapper.framework; name = WidgetKit.framework; path = System/Library/Frameworks/WidgetKit.framework; sourceTree = SDKROOT; };
		09D2594226184FA000815117 /* SwiftUI.framework */ = {isa = PBXFileReference; lastKnownFileType = wrapper.framework; name = SwiftUI.framework; path = System/Library/Frameworks/SwiftUI.framework; sourceTree = SDKROOT; };
		09D2594526184FA000815117 /* appwidget.swift */ = {isa = PBXFileReference; lastKnownFileType = sourcecode.swift; path = appwidget.swift; sourceTree = "<group>"; };
		09D2594726184FA100815117 /* Assets.xcassets */ = {isa = PBXFileReference; lastKnownFileType = folder.assetcatalog; path = Assets.xcassets; sourceTree = "<group>"; };
		09D2594926184FA100815117 /* Info.plist */ = {isa = PBXFileReference; lastKnownFileType = text.plist.xml; path = Info.plist; sourceTree = "<group>"; };
		09DCD8C5281A7781004D51EF /* MainWatchViewModel.swift */ = {isa = PBXFileReference; lastKnownFileType = sourcecode.swift; path = MainWatchViewModel.swift; sourceTree = "<group>"; };
		09DCD8C9281A8954004D51EF /* Info.plist */ = {isa = PBXFileReference; lastKnownFileType = text.plist; path = Info.plist; sourceTree = "<group>"; };
		09DCD8D0282EC32B004D51EF /* ethgas-iosTests.xctest */ = {isa = PBXFileReference; explicitFileType = wrapper.cfbundle; includeInIndex = 0; path = "ethgas-iosTests.xctest"; sourceTree = BUILT_PRODUCTS_DIR; };
		09DCD8D2282EC32B004D51EF /* ethgas_iosTests.swift */ = {isa = PBXFileReference; lastKnownFileType = sourcecode.swift; path = ethgas_iosTests.swift; sourceTree = "<group>"; };
		09DCD8E8282EDEEE004D51EF /* HotViewModelProtocol.swift */ = {isa = PBXFileReference; lastKnownFileType = sourcecode.swift; path = HotViewModelProtocol.swift; sourceTree = "<group>"; };
		09DCD8EE282EE1EA004D51EF /* MockHotView.swift */ = {isa = PBXFileReference; lastKnownFileType = sourcecode.swift; path = MockHotView.swift; sourceTree = "<group>"; };
		09DCD8F1282EE32E004D51EF /* MainActionSheet.swift */ = {isa = PBXFileReference; lastKnownFileType = sourcecode.swift; path = MainActionSheet.swift; sourceTree = "<group>"; };
		09DCD8F5282EF64E004D51EF /* HotViewTests.swift */ = {isa = PBXFileReference; lastKnownFileType = sourcecode.swift; path = HotViewTests.swift; sourceTree = "<group>"; };
		09DCD8F7282EFA5C004D51EF /* AlertsViewTests.swift */ = {isa = PBXFileReference; lastKnownFileType = sourcecode.swift; path = AlertsViewTests.swift; sourceTree = "<group>"; };
		09DCD8F9282EFC2F004D51EF /* FrequencySelectionViewTests.swift */ = {isa = PBXFileReference; lastKnownFileType = sourcecode.swift; path = FrequencySelectionViewTests.swift; sourceTree = "<group>"; };
		09DCD8FC282EFC8E004D51EF /* TestUtils.swift */ = {isa = PBXFileReference; lastKnownFileType = sourcecode.swift; path = TestUtils.swift; sourceTree = "<group>"; };
		09EE272C2C903DFE00C4B37C /* Charts.framework */ = {isa = PBXFileReference; lastKnownFileType = wrapper.framework; name = Charts.framework; path = System/Library/Frameworks/Charts.framework; sourceTree = SDKROOT; };
		09F69E6B272D2356000996A2 /* FrequencySelectionView.swift */ = {isa = PBXFileReference; lastKnownFileType = sourcecode.swift; path = FrequencySelectionView.swift; sourceTree = "<group>"; };
/* End PBXFileReference section */

/* Begin PBXFrameworksBuildPhase section */
		0906FD5E25A3B42D005B4992 /* Frameworks */ = {
			isa = PBXFrameworksBuildPhase;
			buildActionMask = 2147483647;
			files = (
				0906FD7A25A3B56F005B4992 /* FirebaseDatabase in Frameworks */,
				09EE272D2C903DFE00C4B37C /* Charts.framework in Frameworks */,
				0906FD7825A3B56F005B4992 /* FirebaseMessaging in Frameworks */,
				0906FD7625A3B56F005B4992 /* FirebaseAuth in Frameworks */,
			);
			runOnlyForDeploymentPostprocessing = 0;
		};
		0966584027B739580073AB79 /* Frameworks */ = {
			isa = PBXFrameworksBuildPhase;
			buildActionMask = 2147483647;
			files = (
			);
			runOnlyForDeploymentPostprocessing = 0;
		};
		09D2593B26184FA000815117 /* Frameworks */ = {
			isa = PBXFrameworksBuildPhase;
			buildActionMask = 2147483647;
			files = (
				09D2594326184FA000815117 /* SwiftUI.framework in Frameworks */,
				09D2594126184FA000815117 /* WidgetKit.framework in Frameworks */,
			);
			runOnlyForDeploymentPostprocessing = 0;
		};
		09DCD8CD282EC32B004D51EF /* Frameworks */ = {
			isa = PBXFrameworksBuildPhase;
			buildActionMask = 2147483647;
			files = (
				09DCD8DB282EC461004D51EF /* SnapshotTesting in Frameworks */,
			);
			runOnlyForDeploymentPostprocessing = 0;
		};
/* End PBXFrameworksBuildPhase section */

/* Begin PBXGroup section */
		0906FD5825A3B42D005B4992 = {
			isa = PBXGroup;
			children = (
				0906FD6325A3B42D005B4992 /* ethgas-ios */,
				09D2594426184FA000815117 /* appwidget */,
				0966583C27B739560073AB79 /* ethgas-watchos */,
				0966584727B739580073AB79 /* ethgas-watchos WatchKit Extension */,
				09DCD8D1282EC32B004D51EF /* ethgas-iosTests */,
				09D2593F26184FA000815117 /* Frameworks */,
				0906FD6225A3B42D005B4992 /* Products */,
			);
			sourceTree = "<group>";
		};
		0906FD6225A3B42D005B4992 /* Products */ = {
			isa = PBXGroup;
			children = (
				0906FD6125A3B42D005B4992 /* ethgas-ios.app */,
				09D2593E26184FA000815117 /* appwidgetExtension.appex */,
				0966583B27B739560073AB79 /* ETHWatch Alerts.app */,
				0966584327B739580073AB79 /* ethgas-watchos WatchKit Extension.appex */,
				09DCD8D0282EC32B004D51EF /* ethgas-iosTests.xctest */,
			);
			name = Products;
			sourceTree = "<group>";
		};
		0906FD6325A3B42D005B4992 /* ethgas-ios */ = {
			isa = PBXGroup;
			children = (
				09A3EB9225BD5B1F00DCCD13 /* Environments */,
				096173FB26C6E20C00683EBE /* Common */,
				0933DC7326975F8700559EB1 /* Data */,
				090FB42825CF2F7000D12456 /* Views */,
				0933DC7626975FB200559EB1 /* ViewModels */,
				09BD52EB25B39B8500D751F2 /* Models */,
				0906FD8E25A4670E005B4992 /* ethgas-ios.entitlements */,
				0906FD6425A3B42D005B4992 /* ethgas_iosApp.swift */,
				0906FD7C25A3B66F005B4992 /* AppDelegate.swift */,
				0906FD6825A3B430005B4992 /* Assets.xcassets */,
				0906FD6D25A3B430005B4992 /* Info.plist */,
				0906FD6A25A3B430005B4992 /* Preview Content */,
			);
			path = "ethgas-ios";
			sourceTree = "<group>";
		};
		0906FD6A25A3B430005B4992 /* Preview Content */ = {
			isa = PBXGroup;
			children = (
				0906FD6B25A3B430005B4992 /* Preview Assets.xcassets */,
			);
			path = "Preview Content";
			sourceTree = "<group>";
		};
		090FB42825CF2F7000D12456 /* Views */ = {
			isa = PBXGroup;
			children = (
				0961741326C6E8AF00683EBE /* Items */,
				0906FD6625A3B42D005B4992 /* MainView.swift */,
				09847AA228704C930034E719 /* MainMiniView.swift */,
				09BD52F025B4435100D751F2 /* SignInWithAppleButton.swift */,
				09BD52E825B393FD00D751F2 /* AlertsView.swift */,
				090FB43B25CF379900D12456 /* ChartsView.swift */,
				090FB42A25CF2FD200D12456 /* ChartLineMarksView.swift */,
				09B0C21B260A3D2E00C73CB6 /* HotView.swift */,
				09F69E6B272D2356000996A2 /* FrequencySelectionView.swift */,
				09852A142735A93B00490B8A /* FeesView.swift */,
			);
			path = Views;
			sourceTree = "<group>";
		};
		0933DC7326975F8700559EB1 /* Data */ = {
			isa = PBXGroup;
			children = (
				09BD52F325B4447200D751F2 /* AuthenticationService.swift */,
				09BD52FA25B4555F00D751F2 /* FirebaseService.swift */,
				09847A8D286B99A50034E719 /* NetworkService.swift */,
			);
			path = Data;
			sourceTree = "<group>";
		};
		0933DC7626975FB200559EB1 /* ViewModels */ = {
			isa = PBXGroup;
			children = (
				09DCD8ED282EE1CE004D51EF /* Mocks */,
				09DCD8E7282EDECA004D51EF /* Protocols */,
				0933DC7826975FFC00559EB1 /* MainViewModel.swift */,
				0961741826C6E90700683EBE /* CardValueViewModel.swift */,
				0961741E26C6FCA900683EBE /* HotViewModel.swift */,
				09D14850284B7D15009A6800 /* AlertsViewModel.swift */,
				09D14863284C7C5B009A6800 /* ChartsViewModel.swift */,
			);
			path = ViewModels;
			sourceTree = "<group>";
		};
		096173FB26C6E20C00683EBE /* Common */ = {
			isa = PBXGroup;
			children = (
				096173FC26C6E21300683EBE /* Assets */,
				096173FD26C6E21B00683EBE /* Resources */,
				0961740B26C6E31C00683EBE /* Extensions */,
				09D1486D284D06FA009A6800 /* Dates */,
			);
			path = Common;
			sourceTree = "<group>";
		};
		096173FC26C6E21300683EBE /* Assets */ = {
			isa = PBXGroup;
			children = (
				0961742626C82FC600683EBE /* Localizable.strings */,
			);
			path = Assets;
			sourceTree = "<group>";
		};
		096173FD26C6E21B00683EBE /* Resources */ = {
			isa = PBXGroup;
			children = (
				0961740326C6E2B800683EBE /* Resources.swift */,
				0961740726C6E2CF00683EBE /* Strings.swift */,
			);
			path = Resources;
			sourceTree = "<group>";
		};
		0961740B26C6E31C00683EBE /* Extensions */ = {
			isa = PBXGroup;
			children = (
				09BD52F725B4476D00D751F2 /* EnvironmentKeys.swift */,
				0961740C26C6E34600683EBE /* String+Localizable.swift */,
				09847AA828704FE80034E719 /* Bundle+version.swift */,
				0956321A2C7C976D00B41227 /* Double+ToString.swift */,
			);
			path = Extensions;
			sourceTree = "<group>";
		};
		0961741326C6E8AF00683EBE /* Items */ = {
			isa = PBXGroup;
			children = (
				0961741426C6E8E700683EBE /* CardValueView.swift */,
				09852A1A2735BF2900490B8A /* CardValueSmallView.swift */,
				0961741B26C6F04900683EBE /* ItemAlertView.swift */,
				09852A172735B78000490B8A /* ItemFeeView.swift */,
			);
			path = Items;
			sourceTree = "<group>";
		};
		0966583C27B739560073AB79 /* ethgas-watchos */ = {
			isa = PBXGroup;
			children = (
				09DCD8C9281A8954004D51EF /* Info.plist */,
				0966583D27B739580073AB79 /* Assets.xcassets */,
			);
			path = "ethgas-watchos";
			sourceTree = "<group>";
		};
		0966584727B739580073AB79 /* ethgas-watchos WatchKit Extension */ = {
			isa = PBXGroup;
			children = (
				0966584A27B739580073AB79 /* MainView.swift */,
				09DCD8C5281A7781004D51EF /* MainWatchViewModel.swift */,
				0966584C27B739580073AB79 /* NotificationController.swift */,
				0966584E27B739580073AB79 /* NotificationView.swift */,
				0966585027B739580073AB79 /* ComplicationController.swift */,
				0966585227B739590073AB79 /* Assets.xcassets */,
				0966585727B739590073AB79 /* Info.plist */,
				0966585827B739590073AB79 /* PushNotificationPayload.apns */,
				093A7E752815494D00593BE2 /* watchextensionApp.swift */,
				0966585427B739590073AB79 /* Preview Content */,
			);
			path = "ethgas-watchos WatchKit Extension";
			sourceTree = "<group>";
		};
		0966585427B739590073AB79 /* Preview Content */ = {
			isa = PBXGroup;
			children = (
				0966585527B739590073AB79 /* Preview Assets.xcassets */,
			);
			path = "Preview Content";
			sourceTree = "<group>";
		};
		09A3EB9225BD5B1F00DCCD13 /* Environments */ = {
			isa = PBXGroup;
			children = (
				0906FD8925A44955005B4992 /* GoogleService-Info.plist */,
			);
			path = Environments;
			sourceTree = "<group>";
		};
		09BD52EB25B39B8500D751F2 /* Models */ = {
			isa = PBXGroup;
			children = (
				09BD52EC25B39B9F00D751F2 /* AlertGas.swift */,
				09BD52FD25B4571D00D751F2 /* CurrentData.swift */,
				090FB43D25D087AA00D12456 /* GraphEntry.swift */,
				0933DC7C2697627600559EB1 /* HotEntry.swift */,
				090FB43F25D0887600D12456 /* Graphs.swift */,
				09BD530025B467B800D751F2 /* DeviceToken.swift */,
				09DCD8F1282EE32E004D51EF /* MainActionSheet.swift */,
				09D14849284B6711009A6800 /* ItemFee.swift */,
			);
			path = Models;
			sourceTree = "<group>";
		};
		09D1486D284D06FA009A6800 /* Dates */ = {
			isa = PBXGroup;
			children = (
				09D1486E284D070C009A6800 /* Mocks */,
				09D14872284D0D75009A6800 /* DateProviderService.swift */,
				09D14875284D0E2C009A6800 /* DateProvider.swift */,
			);
			path = Dates;
			sourceTree = "<group>";
		};
		09D1486E284D070C009A6800 /* Mocks */ = {
			isa = PBXGroup;
			children = (
				09D1486F284D07A7009A6800 /* MockDateProvider.swift */,
			);
			path = Mocks;
			sourceTree = "<group>";
		};
		09D2593F26184FA000815117 /* Frameworks */ = {
			isa = PBXGroup;
			children = (
				09EE272C2C903DFE00C4B37C /* Charts.framework */,
				09D2594026184FA000815117 /* WidgetKit.framework */,
				09D2594226184FA000815117 /* SwiftUI.framework */,
			);
			name = Frameworks;
			sourceTree = "<group>";
		};
		09D2594426184FA000815117 /* appwidget */ = {
			isa = PBXGroup;
			children = (
				09D2594526184FA000815117 /* appwidget.swift */,
				09D2594726184FA100815117 /* Assets.xcassets */,
				09D2594926184FA100815117 /* Info.plist */,
			);
			path = appwidget;
			sourceTree = "<group>";
		};
		09DCD8D1282EC32B004D51EF /* ethgas-iosTests */ = {
			isa = PBXGroup;
			children = (
				09DCD8FB282EFC6D004D51EF /* Common */,
				09DCD8D2282EC32B004D51EF /* ethgas_iosTests.swift */,
				09D1485E284BC9B5009A6800 /* MainViewTests.swift */,
				09847AA628704DAD0034E719 /* MainMiniViewTests.swift */,
				09DCD8F5282EF64E004D51EF /* HotViewTests.swift */,
				09DCD8F7282EFA5C004D51EF /* AlertsViewTests.swift */,
				09DCD8F9282EFC2F004D51EF /* FrequencySelectionViewTests.swift */,
				09D14844284B641D009A6800 /* FeesViewTests.swift */,
				09D1486B284C808E009A6800 /* ChartsViewTests.swift */,
			);
			path = "ethgas-iosTests";
			sourceTree = "<group>";
		};
		09DCD8E7282EDECA004D51EF /* Protocols */ = {
			isa = PBXGroup;
			children = (
				09D14858284BC705009A6800 /* MainViewModelProtocol.swift */,
				09DCD8E8282EDEEE004D51EF /* HotViewModelProtocol.swift */,
				09D1484D284B7C76009A6800 /* AlertsViewModelProtocol.swift */,
				09D14865284C7CFC009A6800 /* ChartsViewModelProtocol.swift */,
			);
			path = Protocols;
			sourceTree = "<group>";
		};
		09DCD8ED282EE1CE004D51EF /* Mocks */ = {
			isa = PBXGroup;
			children = (
				09D1485B284BC857009A6800 /* MockMainViewModel.swift */,
				09DCD8EE282EE1EA004D51EF /* MockHotView.swift */,
				09D14852284B7F6C009A6800 /* MockAlertsView.swift */,
				09D14868284C7E3B009A6800 /* MockChartsViewModel.swift */,
			);
			path = Mocks;
			sourceTree = "<group>";
		};
		09DCD8FB282EFC6D004D51EF /* Common */ = {
			isa = PBXGroup;
			children = (
				09DCD8FC282EFC8E004D51EF /* TestUtils.swift */,
				09D14856284B8D93009A6800 /* View+toVC.swift */,
			);
			path = Common;
			sourceTree = "<group>";
		};
/* End PBXGroup section */

/* Begin PBXNativeTarget section */
		0906FD6025A3B42D005B4992 /* ethgas-ios */ = {
			isa = PBXNativeTarget;
			buildConfigurationList = 0906FD7025A3B430005B4992 /* Build configuration list for PBXNativeTarget "ethgas-ios" */;
			buildPhases = (
				0906FD5D25A3B42D005B4992 /* Sources */,
				0906FD5E25A3B42D005B4992 /* Frameworks */,
				0906FD5F25A3B42D005B4992 /* Resources */,
				090FB43425CF304900D12456 /* Embed Frameworks */,
				09D2594D26184FA100815117 /* Embed App Extensions */,
				0966586327B739590073AB79 /* Embed Watch Content */,
			);
			buildRules = (
			);
			dependencies = (
				09D2594B26184FA100815117 /* PBXTargetDependency */,
				0966585A27B739590073AB79 /* PBXTargetDependency */,
			);
			name = "ethgas-ios";
			packageProductDependencies = (
				0906FD7525A3B56F005B4992 /* FirebaseAuth */,
				0906FD7725A3B56F005B4992 /* FirebaseMessaging */,
				0906FD7925A3B56F005B4992 /* FirebaseDatabase */,
			);
			productName = "ethgas-ios";
			productReference = 0906FD6125A3B42D005B4992 /* ethgas-ios.app */;
			productType = "com.apple.product-type.application";
		};
		0966583A27B739560073AB79 /* ethgas-watchos */ = {
			isa = PBXNativeTarget;
			buildConfigurationList = 0966586027B739590073AB79 /* Build configuration list for PBXNativeTarget "ethgas-watchos" */;
			buildPhases = (
				0966583927B739560073AB79 /* Resources */,
				0966585F27B739590073AB79 /* Embed App Extensions */,
			);
			buildRules = (
			);
			dependencies = (
				0966584627B739580073AB79 /* PBXTargetDependency */,
			);
			name = "ethgas-watchos";
			productName = "ethgas-watchos";
			productReference = 0966583B27B739560073AB79 /* ETHWatch Alerts.app */;
			productType = "com.apple.product-type.application.watchapp2";
		};
		0966584227B739580073AB79 /* ethgas-watchos WatchKit Extension */ = {
			isa = PBXNativeTarget;
			buildConfigurationList = 0966585C27B739590073AB79 /* Build configuration list for PBXNativeTarget "ethgas-watchos WatchKit Extension" */;
			buildPhases = (
				0966583F27B739580073AB79 /* Sources */,
				0966584027B739580073AB79 /* Frameworks */,
				0966584127B739580073AB79 /* Resources */,
			);
			buildRules = (
			);
			dependencies = (
			);
			name = "ethgas-watchos WatchKit Extension";
			packageProductDependencies = (
			);
			productName = "ethgas-watchos WatchKit Extension";
			productReference = 0966584327B739580073AB79 /* ethgas-watchos WatchKit Extension.appex */;
			productType = "com.apple.product-type.watchkit2-extension";
		};
		09D2593D26184FA000815117 /* appwidgetExtension */ = {
			isa = PBXNativeTarget;
			buildConfigurationList = 09D2595026184FA100815117 /* Build configuration list for PBXNativeTarget "appwidgetExtension" */;
			buildPhases = (
				09D2593A26184FA000815117 /* Sources */,
				09D2593B26184FA000815117 /* Frameworks */,
				09D2593C26184FA000815117 /* Resources */,
			);
			buildRules = (
			);
			dependencies = (
			);
			name = appwidgetExtension;
			packageProductDependencies = (
			);
			productName = appwidgetExtension;
			productReference = 09D2593E26184FA000815117 /* appwidgetExtension.appex */;
			productType = "com.apple.product-type.app-extension";
		};
		09DCD8CF282EC32B004D51EF /* ethgas-iosTests */ = {
			isa = PBXNativeTarget;
			buildConfigurationList = 09DCD8D6282EC32B004D51EF /* Build configuration list for PBXNativeTarget "ethgas-iosTests" */;
			buildPhases = (
				09DCD8CC282EC32B004D51EF /* Sources */,
				09DCD8CD282EC32B004D51EF /* Frameworks */,
				09DCD8CE282EC32B004D51EF /* Resources */,
			);
			buildRules = (
			);
			dependencies = (
				09DCD8D5282EC32B004D51EF /* PBXTargetDependency */,
			);
			name = "ethgas-iosTests";
			packageProductDependencies = (
				09DCD8DA282EC461004D51EF /* SnapshotTesting */,
			);
			productName = "ethgas-iosTests";
			productReference = 09DCD8D0282EC32B004D51EF /* ethgas-iosTests.xctest */;
			productType = "com.apple.product-type.bundle.unit-test";
		};
/* End PBXNativeTarget section */

/* Begin PBXProject section */
		0906FD5925A3B42D005B4992 /* Project object */ = {
			isa = PBXProject;
			attributes = {
				LastSwiftUpdateCheck = 1330;
				LastUpgradeCheck = 1220;
				TargetAttributes = {
					0906FD6025A3B42D005B4992 = {
						CreatedOnToolsVersion = 12.2;
					};
					0966583A27B739560073AB79 = {
						CreatedOnToolsVersion = 13.1;
					};
					0966584227B739580073AB79 = {
						CreatedOnToolsVersion = 13.1;
					};
					09D2593D26184FA000815117 = {
						CreatedOnToolsVersion = 12.4;
					};
					09DCD8CF282EC32B004D51EF = {
						CreatedOnToolsVersion = 13.3.1;
						TestTargetID = 0906FD6025A3B42D005B4992;
					};
				};
			};
			buildConfigurationList = 0906FD5C25A3B42D005B4992 /* Build configuration list for PBXProject "ethgas-ios" */;
			compatibilityVersion = "Xcode 9.3";
			developmentRegion = en;
			hasScannedForEncodings = 0;
			knownRegions = (
				en,
				Base,
				"zh-Hans",
			);
			mainGroup = 0906FD5825A3B42D005B4992;
			packageReferences = (
				0906FD7425A3B56F005B4992 /* XCRemoteSwiftPackageReference "firebase-ios-sdk" */,
				09DCD8D9282EC461004D51EF /* XCRemoteSwiftPackageReference "swift-snapshot-testing" */,
			);
			productRefGroup = 0906FD6225A3B42D005B4992 /* Products */;
			projectDirPath = "";
			projectRoot = "";
			targets = (
				0906FD6025A3B42D005B4992 /* ethgas-ios */,
				09D2593D26184FA000815117 /* appwidgetExtension */,
				0966583A27B739560073AB79 /* ethgas-watchos */,
				0966584227B739580073AB79 /* ethgas-watchos WatchKit Extension */,
				09DCD8CF282EC32B004D51EF /* ethgas-iosTests */,
			);
		};
/* End PBXProject section */

/* Begin PBXResourcesBuildPhase section */
		0906FD5F25A3B42D005B4992 /* Resources */ = {
			isa = PBXResourcesBuildPhase;
			buildActionMask = 2147483647;
			files = (
				0906FD6C25A3B430005B4992 /* Preview Assets.xcassets in Resources */,
				0961742326C82FC600683EBE /* Localizable.strings in Resources */,
				0906FD6925A3B430005B4992 /* Assets.xcassets in Resources */,
				0906FD8A25A44956005B4992 /* GoogleService-Info.plist in Resources */,
			);
			runOnlyForDeploymentPostprocessing = 0;
		};
		0966583927B739560073AB79 /* Resources */ = {
			isa = PBXResourcesBuildPhase;
			buildActionMask = 2147483647;
			files = (
				09DCD8CA281A8A4D004D51EF /* Assets.xcassets in Resources */,
			);
			runOnlyForDeploymentPostprocessing = 0;
		};
		0966584127B739580073AB79 /* Resources */ = {
			isa = PBXResourcesBuildPhase;
			buildActionMask = 2147483647;
			files = (
				0966585627B739590073AB79 /* Preview Assets.xcassets in Resources */,
				09DCD8B32819CF09004D51EF /* Localizable.strings in Resources */,
				0966585327B739590073AB79 /* Assets.xcassets in Resources */,
				09DCD8CB281A8A4E004D51EF /* Assets.xcassets in Resources */,
			);
			runOnlyForDeploymentPostprocessing = 0;
		};
		09D2593C26184FA000815117 /* Resources */ = {
			isa = PBXResourcesBuildPhase;
			buildActionMask = 2147483647;
			files = (
				09D2594826184FA100815117 /* Assets.xcassets in Resources */,
				0961742426C82FC600683EBE /* Localizable.strings in Resources */,
			);
			runOnlyForDeploymentPostprocessing = 0;
		};
		09DCD8CE282EC32B004D51EF /* Resources */ = {
			isa = PBXResourcesBuildPhase;
			buildActionMask = 2147483647;
			files = (
			);
			runOnlyForDeploymentPostprocessing = 0;
		};
/* End PBXResourcesBuildPhase section */

/* Begin PBXSourcesBuildPhase section */
		0906FD5D25A3B42D005B4992 /* Sources */ = {
			isa = PBXSourcesBuildPhase;
			buildActionMask = 2147483647;
			files = (
				0961741C26C6F04900683EBE /* ItemAlertView.swift in Sources */,
				0961741526C6E8E700683EBE /* CardValueView.swift in Sources */,
				09DCD8E9282EDEEE004D51EF /* HotViewModelProtocol.swift in Sources */,
				09D14859284BC705009A6800 /* MainViewModelProtocol.swift in Sources */,
				09D14864284C7C5B009A6800 /* ChartsViewModel.swift in Sources */,
				09852A182735B78000490B8A /* ItemFeeView.swift in Sources */,
				09F69E6C272D2356000996A2 /* FrequencySelectionView.swift in Sources */,
				0906FD7D25A3B66F005B4992 /* AppDelegate.swift in Sources */,
				09847AA928704FE80034E719 /* Bundle+version.swift in Sources */,
				09852A1B2735BF2900490B8A /* CardValueSmallView.swift in Sources */,
				09D14869284C7E3B009A6800 /* MockChartsViewModel.swift in Sources */,
				090FB42B25CF2FD200D12456 /* ChartLineMarksView.swift in Sources */,
				0961740826C6E2CF00683EBE /* Strings.swift in Sources */,
				0961740D26C6E34600683EBE /* String+Localizable.swift in Sources */,
				0956321B2C7C976D00B41227 /* Double+ToString.swift in Sources */,
				0933DC7D2697627600559EB1 /* HotEntry.swift in Sources */,
				09D14876284D0E2C009A6800 /* DateProvider.swift in Sources */,
				09D14873284D0D75009A6800 /* DateProviderService.swift in Sources */,
				09BD52F825B4476D00D751F2 /* EnvironmentKeys.swift in Sources */,
				09DCD8F2282EE32E004D51EF /* MainActionSheet.swift in Sources */,
				0961740426C6E2B800683EBE /* Resources.swift in Sources */,
				09BD52F425B4447200D751F2 /* AuthenticationService.swift in Sources */,
				09D14870284D07A7009A6800 /* MockDateProvider.swift in Sources */,
				09D14853284B7F6C009A6800 /* MockAlertsView.swift in Sources */,
				09852A152735A93B00490B8A /* FeesView.swift in Sources */,
				0961741926C6E90700683EBE /* CardValueViewModel.swift in Sources */,
				09BD52FE25B4571D00D751F2 /* CurrentData.swift in Sources */,
				0961741F26C6FCA900683EBE /* HotViewModel.swift in Sources */,
				090FB43E25D087AA00D12456 /* GraphEntry.swift in Sources */,
				09BD52E925B393FE00D751F2 /* AlertsView.swift in Sources */,
				09D1484E284B7C76009A6800 /* AlertsViewModelProtocol.swift in Sources */,
				09BD52FB25B4555F00D751F2 /* FirebaseService.swift in Sources */,
				0933DC7926975FFC00559EB1 /* MainViewModel.swift in Sources */,
				09D14851284B7D15009A6800 /* AlertsViewModel.swift in Sources */,
				09BD52ED25B39B9F00D751F2 /* AlertGas.swift in Sources */,
				090FB43C25CF379900D12456 /* ChartsView.swift in Sources */,
				09BD530125B467B800D751F2 /* DeviceToken.swift in Sources */,
				0906FD6725A3B42D005B4992 /* MainView.swift in Sources */,
				090FB44025D0887600D12456 /* Graphs.swift in Sources */,
				09BD52F125B4435100D751F2 /* SignInWithAppleButton.swift in Sources */,
				09DCD8EF282EE1EA004D51EF /* MockHotView.swift in Sources */,
				09D14866284C7CFC009A6800 /* ChartsViewModelProtocol.swift in Sources */,
				09D1485C284BC857009A6800 /* MockMainViewModel.swift in Sources */,
				09B0C21C260A3D2E00C73CB6 /* HotView.swift in Sources */,
				0906FD6525A3B42D005B4992 /* ethgas_iosApp.swift in Sources */,
				09D1484A284B6711009A6800 /* ItemFee.swift in Sources */,
			);
			runOnlyForDeploymentPostprocessing = 0;
		};
		0966583F27B739580073AB79 /* Sources */ = {
			isa = PBXSourcesBuildPhase;
			buildActionMask = 2147483647;
			files = (
				09DCD8B92819D21A004D51EF /* Graphs.swift in Sources */,
				093A7E762815494D00593BE2 /* watchextensionApp.swift in Sources */,
				0966584D27B739580073AB79 /* NotificationController.swift in Sources */,
				0966584B27B739580073AB79 /* MainView.swift in Sources */,
				09DCD8BB2819D225004D51EF /* GraphEntry.swift in Sources */,
				09DCD8C6281A7781004D51EF /* MainWatchViewModel.swift in Sources */,
				09DCD8B52819D03E004D51EF /* CurrentData.swift in Sources */,
				09DCD8B02819CE64004D51EF /* Resources.swift in Sources */,
				09DCD8BA2819D21A004D51EF /* AlertGas.swift in Sources */,
				09847A90286B99A50034E719 /* NetworkService.swift in Sources */,
				0956321D2C80580800B41227 /* Double+ToString.swift in Sources */,
				09847AAB28704FE80034E719 /* Bundle+version.swift in Sources */,
				0966585127B739580073AB79 /* ComplicationController.swift in Sources */,
				09847AA428704C930034E719 /* MainMiniView.swift in Sources */,
				0966584F27B739580073AB79 /* NotificationView.swift in Sources */,
				09DCD8B12819CE67004D51EF /* Strings.swift in Sources */,
				09DCD8B22819CE94004D51EF /* String+Localizable.swift in Sources */,
			);
			runOnlyForDeploymentPostprocessing = 0;
		};
		09D2593A26184FA000815117 /* Sources */ = {
			isa = PBXSourcesBuildPhase;
			buildActionMask = 2147483647;
			files = (
				0961741126C6E89100683EBE /* EnvironmentKeys.swift in Sources */,
				09847A8F286B99A50034E719 /* NetworkService.swift in Sources */,
				09847AA328704C930034E719 /* MainMiniView.swift in Sources */,
				0961740526C6E2B800683EBE /* Resources.swift in Sources */,
				0961740926C6E2CF00683EBE /* Strings.swift in Sources */,
				0961740E26C6E34600683EBE /* String+Localizable.swift in Sources */,
				0956321C2C80580700B41227 /* Double+ToString.swift in Sources */,
				09D2596026186F7900815117 /* CurrentData.swift in Sources */,
				09D2594626184FA000815117 /* appwidget.swift in Sources */,
				09847AAA28704FE80034E719 /* Bundle+version.swift in Sources */,
			);
			runOnlyForDeploymentPostprocessing = 0;
		};
		09DCD8CC282EC32B004D51EF /* Sources */ = {
			isa = PBXSourcesBuildPhase;
			buildActionMask = 2147483647;
			files = (
				09DCD8EA282EDEEE004D51EF /* HotViewModelProtocol.swift in Sources */,
				09DCD8DC282EC52A004D51EF /* ItemAlertView.swift in Sources */,
				09DCD8EB282EDFFF004D51EF /* HotEntry.swift in Sources */,
				09DCD8FD282EFC8E004D51EF /* TestUtils.swift in Sources */,
				09D1485D284BC857009A6800 /* MockMainViewModel.swift in Sources */,
				09DCD8DE282EC5B2004D51EF /* Resources.swift in Sources */,
				09DCD8EC282EE004004D51EF /* HotView.swift in Sources */,
				09D14861284C79FD009A6800 /* ChartsView.swift in Sources */,
				09DCD8F8282EFA5C004D51EF /* AlertsViewTests.swift in Sources */,
				09D14845284B641D009A6800 /* FeesViewTests.swift in Sources */,
				09847AAC2870535D0034E719 /* Bundle+version.swift in Sources */,
				09D1484C284B6A8E009A6800 /* SignInWithAppleButton.swift in Sources */,
				09DCD8DF282EC5BE004D51EF /* Strings.swift in Sources */,
				09D14860284BC9FF009A6800 /* MainView.swift in Sources */,
				09DCD8FA282EFC2F004D51EF /* FrequencySelectionViewTests.swift in Sources */,
				09847AA528704C930034E719 /* MainMiniView.swift in Sources */,
				0956321E2C80580A00B41227 /* Double+ToString.swift in Sources */,
				09DCD8F3282EE32E004D51EF /* MainActionSheet.swift in Sources */,
				09DCD8E3282ECF04004D51EF /* CurrentData.swift in Sources */,
				09D1485A284BC705009A6800 /* MainViewModelProtocol.swift in Sources */,
				09D1486C284C808E009A6800 /* ChartsViewTests.swift in Sources */,
				09DCD8D3282EC32B004D51EF /* ethgas_iosTests.swift in Sources */,
				09D14847284B6508009A6800 /* CardValueSmallView.swift in Sources */,
				09DCD8F0282EE1EA004D51EF /* MockHotView.swift in Sources */,
				09D14867284C7CFC009A6800 /* ChartsViewModelProtocol.swift in Sources */,
				09D1486A284C7E3B009A6800 /* MockChartsViewModel.swift in Sources */,
				09DCD8E5282ED0D3004D51EF /* CardValueViewModel.swift in Sources */,
				09D14846284B645F009A6800 /* FeesView.swift in Sources */,
				09D14857284B8D93009A6800 /* View+toVC.swift in Sources */,
				09DCD8DD282EC53D004D51EF /* AlertGas.swift in Sources */,
				09DCD8E4282ED0CD004D51EF /* CardValueView.swift in Sources */,
				09D14871284D07A7009A6800 /* MockDateProvider.swift in Sources */,
				09DCD8F6282EF64E004D51EF /* HotViewTests.swift in Sources */,
				09DCD8E6282ED387004D51EF /* FrequencySelectionView.swift in Sources */,
				09847AA728704DAD0034E719 /* MainMiniViewTests.swift in Sources */,
				09D14878284D0EB7009A6800 /* DateProviderService.swift in Sources */,
				09D1484B284B6711009A6800 /* ItemFee.swift in Sources */,
				09D14855284B82A1009A6800 /* AlertsView.swift in Sources */,
				09D14854284B7F6C009A6800 /* MockAlertsView.swift in Sources */,
				09D1485F284BC9B5009A6800 /* MainViewTests.swift in Sources */,
				09D1484F284B7C76009A6800 /* AlertsViewModelProtocol.swift in Sources */,
				09D14862284C7B2F009A6800 /* ChartLineMarksView.swift in Sources */,
				09DCD8E0282EC5DC004D51EF /* String+Localizable.swift in Sources */,
				09D14848284B6519009A6800 /* ItemFeeView.swift in Sources */,
				09DCD8F4282EE36F004D51EF /* GraphEntry.swift in Sources */,
			);
			runOnlyForDeploymentPostprocessing = 0;
		};
/* End PBXSourcesBuildPhase section */

/* Begin PBXTargetDependency section */
		0966584627B739580073AB79 /* PBXTargetDependency */ = {
			isa = PBXTargetDependency;
			target = 0966584227B739580073AB79 /* ethgas-watchos WatchKit Extension */;
			targetProxy = 0966584527B739580073AB79 /* PBXContainerItemProxy */;
		};
		0966585A27B739590073AB79 /* PBXTargetDependency */ = {
			isa = PBXTargetDependency;
			target = 0966583A27B739560073AB79 /* ethgas-watchos */;
			targetProxy = 0966585927B739590073AB79 /* PBXContainerItemProxy */;
		};
		09D2594B26184FA100815117 /* PBXTargetDependency */ = {
			isa = PBXTargetDependency;
			target = 09D2593D26184FA000815117 /* appwidgetExtension */;
			targetProxy = 09D2594A26184FA100815117 /* PBXContainerItemProxy */;
		};
		09DCD8D5282EC32B004D51EF /* PBXTargetDependency */ = {
			isa = PBXTargetDependency;
			target = 0906FD6025A3B42D005B4992 /* ethgas-ios */;
			targetProxy = 09DCD8D4282EC32B004D51EF /* PBXContainerItemProxy */;
		};
/* End PBXTargetDependency section */

/* Begin PBXVariantGroup section */
		0961742626C82FC600683EBE /* Localizable.strings */ = {
			isa = PBXVariantGroup;
			children = (
				0961742526C82FC600683EBE /* en */,
				0961742826C82FCC00683EBE /* zh-Hans */,
			);
			name = Localizable.strings;
			sourceTree = "<group>";
		};
/* End PBXVariantGroup section */

/* Begin XCBuildConfiguration section */
		0906FD6E25A3B430005B4992 /* Debug */ = {
			isa = XCBuildConfiguration;
			buildSettings = {
				ALWAYS_SEARCH_USER_PATHS = NO;
				CLANG_ANALYZER_NONNULL = YES;
				CLANG_ANALYZER_NUMBER_OBJECT_CONVERSION = YES_AGGRESSIVE;
				CLANG_CXX_LANGUAGE_STANDARD = "gnu++14";
				CLANG_CXX_LIBRARY = "libc++";
				CLANG_ENABLE_MODULES = YES;
				CLANG_ENABLE_OBJC_ARC = YES;
				CLANG_ENABLE_OBJC_WEAK = YES;
				CLANG_WARN_BLOCK_CAPTURE_AUTORELEASING = YES;
				CLANG_WARN_BOOL_CONVERSION = YES;
				CLANG_WARN_COMMA = YES;
				CLANG_WARN_CONSTANT_CONVERSION = YES;
				CLANG_WARN_DEPRECATED_OBJC_IMPLEMENTATIONS = YES;
				CLANG_WARN_DIRECT_OBJC_ISA_USAGE = YES_ERROR;
				CLANG_WARN_DOCUMENTATION_COMMENTS = YES;
				CLANG_WARN_EMPTY_BODY = YES;
				CLANG_WARN_ENUM_CONVERSION = YES;
				CLANG_WARN_INFINITE_RECURSION = YES;
				CLANG_WARN_INT_CONVERSION = YES;
				CLANG_WARN_NON_LITERAL_NULL_CONVERSION = YES;
				CLANG_WARN_OBJC_IMPLICIT_RETAIN_SELF = YES;
				CLANG_WARN_OBJC_LITERAL_CONVERSION = YES;
				CLANG_WARN_OBJC_ROOT_CLASS = YES_ERROR;
				CLANG_WARN_QUOTED_INCLUDE_IN_FRAMEWORK_HEADER = YES;
				CLANG_WARN_RANGE_LOOP_ANALYSIS = YES;
				CLANG_WARN_STRICT_PROTOTYPES = YES;
				CLANG_WARN_SUSPICIOUS_MOVE = YES;
				CLANG_WARN_UNGUARDED_AVAILABILITY = YES_AGGRESSIVE;
				CLANG_WARN_UNREACHABLE_CODE = YES;
				CLANG_WARN__DUPLICATE_METHOD_MATCH = YES;
				COPY_PHASE_STRIP = NO;
				DEBUG_INFORMATION_FORMAT = dwarf;
				ENABLE_STRICT_OBJC_MSGSEND = YES;
				ENABLE_TESTABILITY = YES;
				GCC_C_LANGUAGE_STANDARD = gnu11;
				GCC_DYNAMIC_NO_PIC = NO;
				GCC_NO_COMMON_BLOCKS = YES;
				GCC_OPTIMIZATION_LEVEL = 0;
				GCC_PREPROCESSOR_DEFINITIONS = (
					"DEBUG=1",
					"$(inherited)",
				);
				GCC_WARN_64_TO_32_BIT_CONVERSION = YES;
				GCC_WARN_ABOUT_RETURN_TYPE = YES_ERROR;
				GCC_WARN_UNDECLARED_SELECTOR = YES;
				GCC_WARN_UNINITIALIZED_AUTOS = YES_AGGRESSIVE;
				GCC_WARN_UNUSED_FUNCTION = YES;
				GCC_WARN_UNUSED_VARIABLE = YES;
				IPHONEOS_DEPLOYMENT_TARGET = 16.0;
				MTL_ENABLE_DEBUG_INFO = INCLUDE_SOURCE;
				MTL_FAST_MATH = YES;
				ONLY_ACTIVE_ARCH = YES;
				OTHER_LDFLAGS = "-ObjC";
				SDKROOT = iphoneos;
				SWIFT_ACTIVE_COMPILATION_CONDITIONS = DEBUG;
				SWIFT_OPTIMIZATION_LEVEL = "-Onone";
			};
			name = Debug;
		};
		0906FD6F25A3B430005B4992 /* Release */ = {
			isa = XCBuildConfiguration;
			buildSettings = {
				ALWAYS_SEARCH_USER_PATHS = NO;
				CLANG_ANALYZER_NONNULL = YES;
				CLANG_ANALYZER_NUMBER_OBJECT_CONVERSION = YES_AGGRESSIVE;
				CLANG_CXX_LANGUAGE_STANDARD = "gnu++14";
				CLANG_CXX_LIBRARY = "libc++";
				CLANG_ENABLE_MODULES = YES;
				CLANG_ENABLE_OBJC_ARC = YES;
				CLANG_ENABLE_OBJC_WEAK = YES;
				CLANG_WARN_BLOCK_CAPTURE_AUTORELEASING = YES;
				CLANG_WARN_BOOL_CONVERSION = YES;
				CLANG_WARN_COMMA = YES;
				CLANG_WARN_CONSTANT_CONVERSION = YES;
				CLANG_WARN_DEPRECATED_OBJC_IMPLEMENTATIONS = YES;
				CLANG_WARN_DIRECT_OBJC_ISA_USAGE = YES_ERROR;
				CLANG_WARN_DOCUMENTATION_COMMENTS = YES;
				CLANG_WARN_EMPTY_BODY = YES;
				CLANG_WARN_ENUM_CONVERSION = YES;
				CLANG_WARN_INFINITE_RECURSION = YES;
				CLANG_WARN_INT_CONVERSION = YES;
				CLANG_WARN_NON_LITERAL_NULL_CONVERSION = YES;
				CLANG_WARN_OBJC_IMPLICIT_RETAIN_SELF = YES;
				CLANG_WARN_OBJC_LITERAL_CONVERSION = YES;
				CLANG_WARN_OBJC_ROOT_CLASS = YES_ERROR;
				CLANG_WARN_QUOTED_INCLUDE_IN_FRAMEWORK_HEADER = YES;
				CLANG_WARN_RANGE_LOOP_ANALYSIS = YES;
				CLANG_WARN_STRICT_PROTOTYPES = YES;
				CLANG_WARN_SUSPICIOUS_MOVE = YES;
				CLANG_WARN_UNGUARDED_AVAILABILITY = YES_AGGRESSIVE;
				CLANG_WARN_UNREACHABLE_CODE = YES;
				CLANG_WARN__DUPLICATE_METHOD_MATCH = YES;
				COPY_PHASE_STRIP = NO;
				DEBUG_INFORMATION_FORMAT = "dwarf-with-dsym";
				ENABLE_NS_ASSERTIONS = NO;
				ENABLE_STRICT_OBJC_MSGSEND = YES;
				GCC_C_LANGUAGE_STANDARD = gnu11;
				GCC_NO_COMMON_BLOCKS = YES;
				GCC_WARN_64_TO_32_BIT_CONVERSION = YES;
				GCC_WARN_ABOUT_RETURN_TYPE = YES_ERROR;
				GCC_WARN_UNDECLARED_SELECTOR = YES;
				GCC_WARN_UNINITIALIZED_AUTOS = YES_AGGRESSIVE;
				GCC_WARN_UNUSED_FUNCTION = YES;
				GCC_WARN_UNUSED_VARIABLE = YES;
				IPHONEOS_DEPLOYMENT_TARGET = 16.0;
				MTL_ENABLE_DEBUG_INFO = NO;
				MTL_FAST_MATH = YES;
				OTHER_LDFLAGS = "-ObjC";
				SDKROOT = iphoneos;
				SWIFT_COMPILATION_MODE = wholemodule;
				SWIFT_OPTIMIZATION_LEVEL = "-O";
				VALIDATE_PRODUCT = YES;
			};
			name = Release;
		};
		0906FD7125A3B430005B4992 /* Debug */ = {
			isa = XCBuildConfiguration;
			buildSettings = {
				ALWAYS_EMBED_SWIFT_STANDARD_LIBRARIES = YES;
				ASSETCATALOG_COMPILER_APPICON_NAME = AppIcon;
				ASSETCATALOG_COMPILER_GLOBAL_ACCENT_COLOR_NAME = AccentColor;
				CODE_SIGN_ENTITLEMENTS = "ethgas-ios/ethgas-ios.entitlements";
				CODE_SIGN_IDENTITY = "Apple Development";
				CODE_SIGN_STYLE = Automatic;
				CURRENT_PROJECT_VERSION = 1;
				DEVELOPMENT_ASSET_PATHS = "\"ethgas-ios/Preview Content\"";
				DEVELOPMENT_TEAM = ZR272F7CTF;
				ENABLE_PREVIEWS = YES;
				INFOPLIST_FILE = "ethgas-ios/Info.plist";
				IPHONEOS_DEPLOYMENT_TARGET = 16.0;
				LD_RUNPATH_SEARCH_PATHS = (
					"$(inherited)",
					"@executable_path/Frameworks",
				);
				MARKETING_VERSION = 1.8.1;
				PRODUCT_BUNDLE_IDENTIFIER = com.mgarciate.ethgas;
				PRODUCT_NAME = "$(TARGET_NAME)";
				PROVISIONING_PROFILE_SPECIFIER = "";
				SWIFT_VERSION = 5.0;
				TARGETED_DEVICE_FAMILY = 1;
			};
			name = Debug;
		};
		0906FD7225A3B430005B4992 /* Release */ = {
			isa = XCBuildConfiguration;
			buildSettings = {
				ALWAYS_EMBED_SWIFT_STANDARD_LIBRARIES = YES;
				ASSETCATALOG_COMPILER_APPICON_NAME = AppIcon;
				ASSETCATALOG_COMPILER_GLOBAL_ACCENT_COLOR_NAME = AccentColor;
				CODE_SIGN_ENTITLEMENTS = "ethgas-ios/ethgas-ios.entitlements";
				CODE_SIGN_IDENTITY = "Apple Development";
				CODE_SIGN_STYLE = Automatic;
				CURRENT_PROJECT_VERSION = 1;
				DEVELOPMENT_ASSET_PATHS = "\"ethgas-ios/Preview Content\"";
				DEVELOPMENT_TEAM = ZR272F7CTF;
				ENABLE_PREVIEWS = YES;
				INFOPLIST_FILE = "ethgas-ios/Info.plist";
				IPHONEOS_DEPLOYMENT_TARGET = 16.0;
				LD_RUNPATH_SEARCH_PATHS = (
					"$(inherited)",
					"@executable_path/Frameworks",
				);
				MARKETING_VERSION = 1.8.1;
				PRODUCT_BUNDLE_IDENTIFIER = com.mgarciate.ethgas;
				PRODUCT_NAME = "$(TARGET_NAME)";
				PROVISIONING_PROFILE_SPECIFIER = "";
				SWIFT_VERSION = 5.0;
				TARGETED_DEVICE_FAMILY = 1;
			};
			name = Release;
		};
		0966585D27B739590073AB79 /* Debug */ = {
			isa = XCBuildConfiguration;
			buildSettings = {
				ASSETCATALOG_COMPILER_COMPLICATION_NAME = Complication;
				CLANG_CXX_LANGUAGE_STANDARD = "gnu++17";
				CODE_SIGN_ENTITLEMENTS = "";
				CODE_SIGN_STYLE = Automatic;
				CURRENT_PROJECT_VERSION = 1;
				DEVELOPMENT_ASSET_PATHS = "\"ethgas-watchos WatchKit Extension/Preview Content\"";
				DEVELOPMENT_TEAM = ZR272F7CTF;
				ENABLE_PREVIEWS = YES;
				GENERATE_INFOPLIST_FILE = YES;
				INFOPLIST_FILE = "ethgas-watchos WatchKit Extension/Info.plist";
				INFOPLIST_KEY_CFBundleDisplayName = "ethgas-watchos WatchKit Extension";
				INFOPLIST_KEY_CLKComplicationPrincipalClass = ethgas_watchos_WatchKit_Extension.ComplicationController;
				INFOPLIST_KEY_NSHumanReadableCopyright = "";
				INFOPLIST_KEY_WKRunsIndependentlyOfCompanionApp = YES;
				LD_RUNPATH_SEARCH_PATHS = (
					"$(inherited)",
					"@executable_path/Frameworks",
					"@executable_path/../../Frameworks",
				);
				MARKETING_VERSION = 1.8.1;
				PRODUCT_BUNDLE_IDENTIFIER = com.mgarciate.ethgas.watchkitapp.watchkitextension;
				PRODUCT_NAME = "${TARGET_NAME}";
				SDKROOT = watchos;
				SKIP_INSTALL = YES;
				SWIFT_EMIT_LOC_STRINGS = YES;
				SWIFT_VERSION = 5.0;
				TARGETED_DEVICE_FAMILY = 4;
				WATCHOS_DEPLOYMENT_TARGET = 8.0;
			};
			name = Debug;
		};
		0966585E27B739590073AB79 /* Release */ = {
			isa = XCBuildConfiguration;
			buildSettings = {
				ASSETCATALOG_COMPILER_COMPLICATION_NAME = Complication;
				CLANG_CXX_LANGUAGE_STANDARD = "gnu++17";
				CODE_SIGN_ENTITLEMENTS = "";
				CODE_SIGN_IDENTITY = "Apple Development";
				CODE_SIGN_STYLE = Automatic;
				CURRENT_PROJECT_VERSION = 1;
				DEVELOPMENT_ASSET_PATHS = "\"ethgas-watchos WatchKit Extension/Preview Content\"";
				DEVELOPMENT_TEAM = ZR272F7CTF;
				ENABLE_PREVIEWS = YES;
				GENERATE_INFOPLIST_FILE = YES;
				INFOPLIST_FILE = "ethgas-watchos WatchKit Extension/Info.plist";
				INFOPLIST_KEY_CFBundleDisplayName = "ethgas-watchos WatchKit Extension";
				INFOPLIST_KEY_CLKComplicationPrincipalClass = ethgas_watchos_WatchKit_Extension.ComplicationController;
				INFOPLIST_KEY_NSHumanReadableCopyright = "";
				INFOPLIST_KEY_WKRunsIndependentlyOfCompanionApp = YES;
				LD_RUNPATH_SEARCH_PATHS = (
					"$(inherited)",
					"@executable_path/Frameworks",
					"@executable_path/../../Frameworks",
				);
				MARKETING_VERSION = 1.8.1;
				PRODUCT_BUNDLE_IDENTIFIER = com.mgarciate.ethgas.watchkitapp.watchkitextension;
				PRODUCT_NAME = "${TARGET_NAME}";
				PROVISIONING_PROFILE_SPECIFIER = "";
				SDKROOT = watchos;
				SKIP_INSTALL = YES;
				SWIFT_EMIT_LOC_STRINGS = YES;
				SWIFT_VERSION = 5.0;
				TARGETED_DEVICE_FAMILY = 4;
				WATCHOS_DEPLOYMENT_TARGET = 8.0;
			};
			name = Release;
		};
		0966586127B739590073AB79 /* Debug */ = {
			isa = XCBuildConfiguration;
			buildSettings = {
				ALWAYS_EMBED_SWIFT_STANDARD_LIBRARIES = YES;
				ASSETCATALOG_COMPILER_APPICON_NAME = AppIcon;
				ASSETCATALOG_COMPILER_GLOBAL_ACCENT_COLOR_NAME = AccentColor;
				ASSETCATALOG_COMPILER_INCLUDE_ALL_APPICON_ASSETS = NO;
				CLANG_CXX_LANGUAGE_STANDARD = "gnu++17";
				CODE_SIGN_IDENTITY = "Apple Development";
				CODE_SIGN_STYLE = Automatic;
				CURRENT_PROJECT_VERSION = 1;
				DEVELOPMENT_TEAM = ZR272F7CTF;
				GENERATE_INFOPLIST_FILE = YES;
				IBSC_MODULE = ethgas_watchos_WatchKit_Extension;
				INFOPLIST_FILE = "ethgas-watchos/Info.plist";
				INFOPLIST_KEY_UISupportedInterfaceOrientations = "UIInterfaceOrientationPortrait UIInterfaceOrientationPortraitUpsideDown";
				INFOPLIST_KEY_WKCompanionAppBundleIdentifier = com.mgarciate.ethgas;
				MARKETING_VERSION = 1.8.1;
				PRODUCT_BUNDLE_IDENTIFIER = com.mgarciate.ethgas.watchkitapp;
				PRODUCT_NAME = "ETHWatch Alerts";
				SDKROOT = watchos;
				SKIP_INSTALL = YES;
				SWIFT_EMIT_LOC_STRINGS = YES;
				SWIFT_VERSION = 5.0;
				TARGETED_DEVICE_FAMILY = 4;
				WATCHOS_DEPLOYMENT_TARGET = 8.0;
			};
			name = Debug;
		};
		0966586227B739590073AB79 /* Release */ = {
			isa = XCBuildConfiguration;
			buildSettings = {
				ALWAYS_EMBED_SWIFT_STANDARD_LIBRARIES = YES;
				ASSETCATALOG_COMPILER_APPICON_NAME = AppIcon;
				ASSETCATALOG_COMPILER_GLOBAL_ACCENT_COLOR_NAME = AccentColor;
				ASSETCATALOG_COMPILER_INCLUDE_ALL_APPICON_ASSETS = NO;
				CLANG_CXX_LANGUAGE_STANDARD = "gnu++17";
				CODE_SIGN_IDENTITY = "Apple Development";
				CODE_SIGN_STYLE = Automatic;
				CURRENT_PROJECT_VERSION = 1;
				DEVELOPMENT_TEAM = ZR272F7CTF;
				GENERATE_INFOPLIST_FILE = YES;
				IBSC_MODULE = ethgas_watchos_WatchKit_Extension;
				INFOPLIST_FILE = "ethgas-watchos/Info.plist";
				INFOPLIST_KEY_UISupportedInterfaceOrientations = "UIInterfaceOrientationPortrait UIInterfaceOrientationPortraitUpsideDown";
				INFOPLIST_KEY_WKCompanionAppBundleIdentifier = com.mgarciate.ethgas;
				MARKETING_VERSION = 1.8.1;
				PRODUCT_BUNDLE_IDENTIFIER = com.mgarciate.ethgas.watchkitapp;
				PRODUCT_NAME = "ETHWatch Alerts";
				SDKROOT = watchos;
				SKIP_INSTALL = YES;
				SWIFT_EMIT_LOC_STRINGS = YES;
				SWIFT_VERSION = 5.0;
				TARGETED_DEVICE_FAMILY = 4;
				WATCHOS_DEPLOYMENT_TARGET = 8.0;
			};
			name = Release;
		};
		09D2594E26184FA100815117 /* Debug */ = {
			isa = XCBuildConfiguration;
			buildSettings = {
				ASSETCATALOG_COMPILER_GLOBAL_ACCENT_COLOR_NAME = AccentColor;
				ASSETCATALOG_COMPILER_WIDGET_BACKGROUND_COLOR_NAME = WidgetBackground;
				CODE_SIGN_IDENTITY = "Apple Development";
				CODE_SIGN_STYLE = Automatic;
				CURRENT_PROJECT_VERSION = 1;
				DEVELOPMENT_TEAM = ZR272F7CTF;
				INFOPLIST_FILE = appwidget/Info.plist;
				IPHONEOS_DEPLOYMENT_TARGET = 16.0;
				LD_RUNPATH_SEARCH_PATHS = (
					"$(inherited)",
					"@executable_path/Frameworks",
					"@executable_path/../../Frameworks",
				);
				MARKETING_VERSION = 1.8.1;
				PRODUCT_BUNDLE_IDENTIFIER = com.mgarciate.ethgas.appwidget;
				PRODUCT_NAME = "$(TARGET_NAME)";
				SKIP_INSTALL = YES;
				SWIFT_VERSION = 5.0;
				TARGETED_DEVICE_FAMILY = 1;
			};
			name = Debug;
		};
		09D2594F26184FA100815117 /* Release */ = {
			isa = XCBuildConfiguration;
			buildSettings = {
				ASSETCATALOG_COMPILER_GLOBAL_ACCENT_COLOR_NAME = AccentColor;
				ASSETCATALOG_COMPILER_WIDGET_BACKGROUND_COLOR_NAME = WidgetBackground;
				CODE_SIGN_IDENTITY = "Apple Development";
				CODE_SIGN_STYLE = Automatic;
				CURRENT_PROJECT_VERSION = 1;
				DEVELOPMENT_TEAM = ZR272F7CTF;
				INFOPLIST_FILE = appwidget/Info.plist;
				IPHONEOS_DEPLOYMENT_TARGET = 16.0;
				LD_RUNPATH_SEARCH_PATHS = (
					"$(inherited)",
					"@executable_path/Frameworks",
					"@executable_path/../../Frameworks",
				);
				MARKETING_VERSION = 1.8.1;
				PRODUCT_BUNDLE_IDENTIFIER = com.mgarciate.ethgas.appwidget;
				PRODUCT_NAME = "$(TARGET_NAME)";
				SKIP_INSTALL = YES;
				SWIFT_VERSION = 5.0;
				TARGETED_DEVICE_FAMILY = 1;
			};
			name = Release;
		};
		09DCD8D7282EC32B004D51EF /* Debug */ = {
			isa = XCBuildConfiguration;
			buildSettings = {
				BUNDLE_LOADER = "$(TEST_HOST)";
				CLANG_CXX_LANGUAGE_STANDARD = "gnu++17";
				CODE_SIGN_STYLE = Automatic;
				CURRENT_PROJECT_VERSION = 1;
				DEVELOPMENT_TEAM = ZR272F7CTF;
				GENERATE_INFOPLIST_FILE = YES;
				IPHONEOS_DEPLOYMENT_TARGET = 16.0;
				MARKETING_VERSION = 1.0;
				PRODUCT_BUNDLE_IDENTIFIER = "com.mgarciate.ethgas-iosTests";
				PRODUCT_NAME = "$(TARGET_NAME)";
				SWIFT_EMIT_LOC_STRINGS = NO;
				SWIFT_VERSION = 5.0;
				TARGETED_DEVICE_FAMILY = "1,2";
				TEST_HOST = "$(BUILT_PRODUCTS_DIR)/ethgas-ios.app/ethgas-ios";
			};
			name = Debug;
		};
		09DCD8D8282EC32B004D51EF /* Release */ = {
			isa = XCBuildConfiguration;
			buildSettings = {
				BUNDLE_LOADER = "$(TEST_HOST)";
				CLANG_CXX_LANGUAGE_STANDARD = "gnu++17";
				CODE_SIGN_STYLE = Automatic;
				CURRENT_PROJECT_VERSION = 1;
				DEVELOPMENT_TEAM = ZR272F7CTF;
				GENERATE_INFOPLIST_FILE = YES;
				IPHONEOS_DEPLOYMENT_TARGET = 16.0;
				MARKETING_VERSION = 1.0;
				PRODUCT_BUNDLE_IDENTIFIER = "com.mgarciate.ethgas-iosTests";
				PRODUCT_NAME = "$(TARGET_NAME)";
				SWIFT_EMIT_LOC_STRINGS = NO;
				SWIFT_VERSION = 5.0;
				TARGETED_DEVICE_FAMILY = "1,2";
				TEST_HOST = "$(BUILT_PRODUCTS_DIR)/ethgas-ios.app/ethgas-ios";
			};
			name = Release;
		};
/* End XCBuildConfiguration section */

/* Begin XCConfigurationList section */
		0906FD5C25A3B42D005B4992 /* Build configuration list for PBXProject "ethgas-ios" */ = {
			isa = XCConfigurationList;
			buildConfigurations = (
				0906FD6E25A3B430005B4992 /* Debug */,
				0906FD6F25A3B430005B4992 /* Release */,
			);
			defaultConfigurationIsVisible = 0;
			defaultConfigurationName = Release;
		};
		0906FD7025A3B430005B4992 /* Build configuration list for PBXNativeTarget "ethgas-ios" */ = {
			isa = XCConfigurationList;
			buildConfigurations = (
				0906FD7125A3B430005B4992 /* Debug */,
				0906FD7225A3B430005B4992 /* Release */,
			);
			defaultConfigurationIsVisible = 0;
			defaultConfigurationName = Release;
		};
		0966585C27B739590073AB79 /* Build configuration list for PBXNativeTarget "ethgas-watchos WatchKit Extension" */ = {
			isa = XCConfigurationList;
			buildConfigurations = (
				0966585D27B739590073AB79 /* Debug */,
				0966585E27B739590073AB79 /* Release */,
			);
			defaultConfigurationIsVisible = 0;
			defaultConfigurationName = Release;
		};
		0966586027B739590073AB79 /* Build configuration list for PBXNativeTarget "ethgas-watchos" */ = {
			isa = XCConfigurationList;
			buildConfigurations = (
				0966586127B739590073AB79 /* Debug */,
				0966586227B739590073AB79 /* Release */,
			);
			defaultConfigurationIsVisible = 0;
			defaultConfigurationName = Release;
		};
		09D2595026184FA100815117 /* Build configuration list for PBXNativeTarget "appwidgetExtension" */ = {
			isa = XCConfigurationList;
			buildConfigurations = (
				09D2594E26184FA100815117 /* Debug */,
				09D2594F26184FA100815117 /* Release */,
			);
			defaultConfigurationIsVisible = 0;
			defaultConfigurationName = Release;
		};
		09DCD8D6282EC32B004D51EF /* Build configuration list for PBXNativeTarget "ethgas-iosTests" */ = {
			isa = XCConfigurationList;
			buildConfigurations = (
				09DCD8D7282EC32B004D51EF /* Debug */,
				09DCD8D8282EC32B004D51EF /* Release */,
			);
			defaultConfigurationIsVisible = 0;
			defaultConfigurationName = Release;
		};
/* End XCConfigurationList section */

/* Begin XCRemoteSwiftPackageReference section */
		0906FD7425A3B56F005B4992 /* XCRemoteSwiftPackageReference "firebase-ios-sdk" */ = {
			isa = XCRemoteSwiftPackageReference;
			repositoryURL = "https://github.com/firebase/firebase-ios-sdk.git";
			requirement = {
				kind = upToNextMajorVersion;
				minimumVersion = 8.12.1;
			};
		};
		09DCD8D9282EC461004D51EF /* XCRemoteSwiftPackageReference "swift-snapshot-testing" */ = {
			isa = XCRemoteSwiftPackageReference;
			repositoryURL = "https://github.com/pointfreeco/swift-snapshot-testing.git";
			requirement = {
				kind = upToNextMajorVersion;
				minimumVersion = 1.17.4;
			};
		};
/* End XCRemoteSwiftPackageReference section */

/* Begin XCSwiftPackageProductDependency section */
		0906FD7525A3B56F005B4992 /* FirebaseAuth */ = {
			isa = XCSwiftPackageProductDependency;
			package = 0906FD7425A3B56F005B4992 /* XCRemoteSwiftPackageReference "firebase-ios-sdk" */;
			productName = FirebaseAuth;
		};
		0906FD7725A3B56F005B4992 /* FirebaseMessaging */ = {
			isa = XCSwiftPackageProductDependency;
			package = 0906FD7425A3B56F005B4992 /* XCRemoteSwiftPackageReference "firebase-ios-sdk" */;
			productName = FirebaseMessaging;
		};
		0906FD7925A3B56F005B4992 /* FirebaseDatabase */ = {
			isa = XCSwiftPackageProductDependency;
			package = 0906FD7425A3B56F005B4992 /* XCRemoteSwiftPackageReference "firebase-ios-sdk" */;
			productName = FirebaseDatabase;
		};
		09DCD8DA282EC461004D51EF /* SnapshotTesting */ = {
			isa = XCSwiftPackageProductDependency;
			package = 09DCD8D9282EC461004D51EF /* XCRemoteSwiftPackageReference "swift-snapshot-testing" */;
			productName = SnapshotTesting;
		};
/* End XCSwiftPackageProductDependency section */
	};
	rootObject = 0906FD5925A3B42D005B4992 /* Project object */;
}
